PODS:
  - Alamofire (4.8.1)
  - DifferenceKit (1.0.0):
    - DifferenceKit/Core (= 1.0.0)
    - DifferenceKit/UIKitExtension (= 1.0.0)
  - DifferenceKit/Core (1.0.0)
  - DifferenceKit/UIKitExtension (1.0.0):
    - DifferenceKit/Core
  - KeychainAccess (3.1.2)
  - Moya (12.0.1):
    - Moya/Core (= 12.0.1)
  - Moya/Core (12.0.1):
    - Alamofire (~> 4.1)
    - Result (~> 4.0)
  - Nimble (7.3.4)
  - PromiseKit (6.8.3):
    - PromiseKit/CorePromise (= 6.8.3)
    - PromiseKit/Foundation (= 6.8.3)
    - PromiseKit/UIKit (= 6.8.3)
  - PromiseKit/CorePromise (6.8.3)
  - PromiseKit/Foundation (6.8.3):
    - PromiseKit/CorePromise
  - PromiseKit/UIKit (6.8.3):
    - PromiseKit/CorePromise
  - Quick (1.3.4)
  - Result (4.1.0)
  - Unicore (1.0.6)

DEPENDENCIES:
  - DifferenceKit
  - KeychainAccess (~> 3.1)
  - Moya (~> 12.0)
  - Nimble (~> 7.3)
  - PromiseKit (~> 6.8)
  - Quick (~> 1.3)
  - Unicore (~> 1.0)

SPEC REPOS:
  https://github.com/cocoapods/specs.git:
    - Alamofire
    - DifferenceKit
    - KeychainAccess
    - Moya
    - Nimble
    - PromiseKit
    - Quick
    - Result
    - Unicore

SPEC CHECKSUMS:
  Alamofire: 16ce2c353fb72865124ddae8a57c5942388f4f11
  DifferenceKit: d501e37b866e98a8aaee0f61ceb02ad98e52b9c1
  KeychainAccess: b3816fddcf28aa29d94b10ec305cd52be14c472b
  Moya: cf730b3cd9e005401ef37a85143aa141a12fd38f
  Nimble: 051e3d8912d40138fa5591c78594f95fb172af37
  PromiseKit: 94c6e781838c5bf4717677d0d882b0e7250c80fc
  Quick: f4f7f063c524394c73ed93ac70983c609805d481
  Result: bd966fac789cc6c1563440b348ab2598cc24d5c7
  Unicore: dd48bc179635ea3007c62c16646ff39241ef3b87

PODFILE CHECKSUM: 813f16a74a2848b78872d8b08f704c7cd38cb6a6

COCOAPODS: 1.5.3
