PODS:
  - Alamofire (4.8.2)
  - DifferenceKit (1.1.1):
    - DifferenceKit/Core (= 1.1.1)
    - DifferenceKit/UIKitExtension (= 1.1.1)
  - DifferenceKit/Core (1.1.1)
  - DifferenceKit/UIKitExtension (1.1.1):
    - DifferenceKit/Core
  - KeychainAccess (3.1.2)
  - Moya (12.0.1):
    - Moya/Core (= 12.0.1)
  - Moya/Core (12.0.1):
    - Alamofire (~> 4.1)
    - Result (~> 4.0)
  - Nimble (8.0.1)
  - PromiseKit (6.8.3):
    - PromiseKit/CorePromise (= 6.8.3)
    - PromiseKit/Foundation (= 6.8.3)
    - PromiseKit/UIKit (= 6.8.3)
  - PromiseKit/CorePromise (6.8.3)
  - PromiseKit/Foundation (6.8.3):
    - PromiseKit/CorePromise
  - PromiseKit/UIKit (6.8.3):
    - PromiseKit/CorePromise
  - Quick (2.0.0)
  - Result (4.1.0)
  - SwifterSwift (5.0.0):
    - SwifterSwift/AppKit (= 5.0.0)
    - SwifterSwift/CoreGraphics (= 5.0.0)
    - SwifterSwift/CoreLocation (= 5.0.0)
    - SwifterSwift/Dispatch (= 5.0.0)
    - SwifterSwift/Foundation (= 5.0.0)
    - SwifterSwift/MapKit (= 5.0.0)
    - SwifterSwift/SpriteKit (= 5.0.0)
    - SwifterSwift/SwiftStdlib (= 5.0.0)
    - SwifterSwift/UIKit (= 5.0.0)
  - SwifterSwift/AppKit (5.0.0)
  - SwifterSwift/CoreGraphics (5.0.0)
  - SwifterSwift/CoreLocation (5.0.0)
  - SwifterSwift/Dispatch (5.0.0)
  - SwifterSwift/Foundation (5.0.0)
  - SwifterSwift/MapKit (5.0.0)
  - SwifterSwift/SpriteKit (5.0.0)
  - SwifterSwift/SwiftStdlib (5.0.0)
  - SwifterSwift/UIKit (5.0.0)
  - Unicore (1.0.6)

DEPENDENCIES:
  - DifferenceKit
  - KeychainAccess
  - Moya
  - Nimble
  - PromiseKit
  - Quick
  - SwifterSwift
  - Unicore

SPEC REPOS:
  https://github.com/cocoapods/specs.git:
    - Alamofire
    - DifferenceKit
    - KeychainAccess
    - Moya
    - Nimble
    - PromiseKit
    - Quick
    - Result
    - SwifterSwift
    - Unicore

SPEC CHECKSUMS:
  Alamofire: ae5c501addb7afdbb13687d7f2f722c78734c2d3
  DifferenceKit: cf1b84e2207ea45c3640381cb229cf46c1647466
  KeychainAccess: b3816fddcf28aa29d94b10ec305cd52be14c472b
  Moya: cf730b3cd9e005401ef37a85143aa141a12fd38f
  Nimble: 45f786ae66faa9a709624227fae502db55a8bdd0
  PromiseKit: 94c6e781838c5bf4717677d0d882b0e7250c80fc
  Quick: ce1276c7c27ba2da3cb2fd0cde053c3648b3b22d
  Result: bd966fac789cc6c1563440b348ab2598cc24d5c7
  SwifterSwift: 96f90594b370802f01647c2b1229c74a84ffafee
  Unicore: dd48bc179635ea3007c62c16646ff39241ef3b87

PODFILE CHECKSUM: 3f1f23d62b7f7a5e3074ed30a95ab02ead0ed0e9

COCOAPODS: 1.6.1
