// !$*UTF8*$!
{
	archiveVersion = 1;
	classes = {
	};
	objectVersion = 50;
	objects = {

/* Begin PBXBuildFile section */
		0F5F156400EF92E8088D4F3A /* Pods_GroshyUITests.framework in Frameworks */ = {isa = PBXBuildFile; fileRef = 9F91E71E98CF0F647F159C96 /* Pods_GroshyUITests.framework */; };
		1932F43F2207695A00B2502B /* CategoriesFeature.swift in Sources */ = {isa = PBXBuildFile; fileRef = 1932F43E2207695A00B2502B /* CategoriesFeature.swift */; };
		1932F4412207696500B2502B /* CategoriesActions.swift in Sources */ = {isa = PBXBuildFile; fileRef = 1932F4402207696500B2502B /* CategoriesActions.swift */; };
		1932F4432207697000B2502B /* CategoriesCommands.swift in Sources */ = {isa = PBXBuildFile; fileRef = 1932F4422207697000B2502B /* CategoriesCommands.swift */; };
		1932F4452207697E00B2502B /* CategoriesReducer.swift in Sources */ = {isa = PBXBuildFile; fileRef = 1932F4442207697E00B2502B /* CategoriesReducer.swift */; };
		1932F4472207698700B2502B /* CategoriesState.swift in Sources */ = {isa = PBXBuildFile; fileRef = 1932F4462207698700B2502B /* CategoriesState.swift */; };
		1932F44922077BFA00B2502B /* CategoriesComponent.swift in Sources */ = {isa = PBXBuildFile; fileRef = 1932F44822077BFA00B2502B /* CategoriesComponent.swift */; };
		1932F44B22077C0300B2502B /* CategoriesComponent.xib in Resources */ = {isa = PBXBuildFile; fileRef = 1932F44A22077C0300B2502B /* CategoriesComponent.xib */; };
		1932F44D22077C0F00B2502B /* CategoriesConnector.swift in Sources */ = {isa = PBXBuildFile; fileRef = 1932F44C22077C0F00B2502B /* CategoriesConnector.swift */; };
		1932F44F22077C1600B2502B /* CategoriesProps.swift in Sources */ = {isa = PBXBuildFile; fileRef = 1932F44E22077C1600B2502B /* CategoriesProps.swift */; };
		1932F45122077C1F00B2502B /* CategoriesScene.swift in Sources */ = {isa = PBXBuildFile; fileRef = 1932F45022077C1F00B2502B /* CategoriesScene.swift */; };
		1940F4B321FB03F50063DB54 /* TransactionFeature.swift in Sources */ = {isa = PBXBuildFile; fileRef = 1940F4B221FB03F50063DB54 /* TransactionFeature.swift */; };
		1940F4B521FB04290063DB54 /* TransactionState.swift in Sources */ = {isa = PBXBuildFile; fileRef = 1940F4B421FB04290063DB54 /* TransactionState.swift */; };
		1940F4B821FB0C9D0063DB54 /* KeyboardFeature.swift in Sources */ = {isa = PBXBuildFile; fileRef = 1940F4B721FB0C9D0063DB54 /* KeyboardFeature.swift */; };
		1940F4BA21FB0CB60063DB54 /* KeyboardState.swift in Sources */ = {isa = PBXBuildFile; fileRef = 1940F4B921FB0CB60063DB54 /* KeyboardState.swift */; };
		1940F4BC21FB0E4D0063DB54 /* KeyboardActions.swift in Sources */ = {isa = PBXBuildFile; fileRef = 1940F4BB21FB0E4D0063DB54 /* KeyboardActions.swift */; };
		1940F4BE21FB0E5C0063DB54 /* KeyboardCommands.swift in Sources */ = {isa = PBXBuildFile; fileRef = 1940F4BD21FB0E5C0063DB54 /* KeyboardCommands.swift */; };
		1940F4C021FB1D8E0063DB54 /* KeyboardReducer.swift in Sources */ = {isa = PBXBuildFile; fileRef = 1940F4BF21FB1D8E0063DB54 /* KeyboardReducer.swift */; };
		1940F4C221FC890A0063DB54 /* Colors.swift in Sources */ = {isa = PBXBuildFile; fileRef = 1940F4C121FC890A0063DB54 /* Colors.swift */; };
		1940F4C521FC8AB50063DB54 /* UIColor+RGB.swift in Sources */ = {isa = PBXBuildFile; fileRef = 1940F4C421FC8AB50063DB54 /* UIColor+RGB.swift */; };
		1943B00621F66D3C0054119C /* MainScreenConnector.swift in Sources */ = {isa = PBXBuildFile; fileRef = 1943B00521F66D3C0054119C /* MainScreenConnector.swift */; };
		1943B00821F66D4C0054119C /* MainScreenProps.swift in Sources */ = {isa = PBXBuildFile; fileRef = 1943B00721F66D4C0054119C /* MainScreenProps.swift */; };
		1943B00A21F66D630054119C /* MainScreenComponent.swift in Sources */ = {isa = PBXBuildFile; fileRef = 1943B00921F66D630054119C /* MainScreenComponent.swift */; };
		1943B00C21F66D890054119C /* MainScreenComponent.xib in Resources */ = {isa = PBXBuildFile; fileRef = 1943B00B21F66D890054119C /* MainScreenComponent.xib */; };
		1943B01021F66FDC0054119C /* MainScreenScene.swift in Sources */ = {isa = PBXBuildFile; fileRef = 1943B00F21F66FDC0054119C /* MainScreenScene.swift */; };
		1943B01221F67ED30054119C /* Connector.swift in Sources */ = {isa = PBXBuildFile; fileRef = 1943B01121F67ED30054119C /* Connector.swift */; };
		1943B01521F67F100054119C /* BaseConnector.swift in Sources */ = {isa = PBXBuildFile; fileRef = 1943B01421F67F100054119C /* BaseConnector.swift */; };
		1943B01721F67FDB0054119C /* Component.swift in Sources */ = {isa = PBXBuildFile; fileRef = 1943B01621F67FDB0054119C /* Component.swift */; };
		1943B01B21F68D9C0054119C /* Scene.swift in Sources */ = {isa = PBXBuildFile; fileRef = 1943B01A21F68D9C0054119C /* Scene.swift */; };
		1943B01F21F857FA0054119C /* AccountsCommands.swift in Sources */ = {isa = PBXBuildFile; fileRef = 1943B01E21F857FA0054119C /* AccountsCommands.swift */; };
		1943B03121F9EDE20054119C /* Category.swift in Sources */ = {isa = PBXBuildFile; fileRef = 1943B02F21F9EDD90054119C /* Category.swift */; };
		1943B03521F9EED50054119C /* CategoryIcon.swift in Sources */ = {isa = PBXBuildFile; fileRef = 1943B03321F9EE5D0054119C /* CategoryIcon.swift */; };
		1943B03721F9F46E0054119C /* Transaction.swift in Sources */ = {isa = PBXBuildFile; fileRef = 1943B03621F9F46E0054119C /* Transaction.swift */; };
		1943B03921FA075F0054119C /* KeyboardScene.swift in Sources */ = {isa = PBXBuildFile; fileRef = 1943B03821FA075F0054119C /* KeyboardScene.swift */; };
		1943B03D21FA07750054119C /* KeyboardProps.swift in Sources */ = {isa = PBXBuildFile; fileRef = 1943B03C21FA07750054119C /* KeyboardProps.swift */; };
		1943B03F21FA077D0054119C /* KeyboardConnector.swift in Sources */ = {isa = PBXBuildFile; fileRef = 1943B03E21FA077D0054119C /* KeyboardConnector.swift */; };
		1943B04121FA07890054119C /* KeyboardComponent.swift in Sources */ = {isa = PBXBuildFile; fileRef = 1943B04021FA07890054119C /* KeyboardComponent.swift */; };
		1943B04321FA07930054119C /* KeyboardComponent.xib in Resources */ = {isa = PBXBuildFile; fileRef = 1943B04221FA07930054119C /* KeyboardComponent.xib */; };
		1973907421FCBC3400D892F4 /* Rubik-MediumItalic.ttf in Resources */ = {isa = PBXBuildFile; fileRef = 1973906A21FCBC3400D892F4 /* Rubik-MediumItalic.ttf */; };
		1973907521FCBC3400D892F4 /* Rubik-Bold.ttf in Resources */ = {isa = PBXBuildFile; fileRef = 1973906B21FCBC3400D892F4 /* Rubik-Bold.ttf */; };
		1973907621FCBC3400D892F4 /* Rubik-Light.ttf in Resources */ = {isa = PBXBuildFile; fileRef = 1973906C21FCBC3400D892F4 /* Rubik-Light.ttf */; };
		1973907721FCBC3400D892F4 /* Rubik-Medium.ttf in Resources */ = {isa = PBXBuildFile; fileRef = 1973906D21FCBC3400D892F4 /* Rubik-Medium.ttf */; };
		1973907821FCBC3400D892F4 /* Rubik-Black.ttf in Resources */ = {isa = PBXBuildFile; fileRef = 1973906E21FCBC3400D892F4 /* Rubik-Black.ttf */; };
		1973907921FCBC3400D892F4 /* Rubik-Italic.ttf in Resources */ = {isa = PBXBuildFile; fileRef = 1973906F21FCBC3400D892F4 /* Rubik-Italic.ttf */; };
		1973907A21FCBC3400D892F4 /* Rubik-LightItalic.ttf in Resources */ = {isa = PBXBuildFile; fileRef = 1973907021FCBC3400D892F4 /* Rubik-LightItalic.ttf */; };
		1973907B21FCBC3400D892F4 /* Rubik-BlackItalic.ttf in Resources */ = {isa = PBXBuildFile; fileRef = 1973907121FCBC3400D892F4 /* Rubik-BlackItalic.ttf */; };
		1973907C21FCBC3400D892F4 /* Rubik-Regular.ttf in Resources */ = {isa = PBXBuildFile; fileRef = 1973907221FCBC3400D892F4 /* Rubik-Regular.ttf */; };
		1973907D21FCBC3400D892F4 /* Rubik-BoldItalic.ttf in Resources */ = {isa = PBXBuildFile; fileRef = 1973907321FCBC3400D892F4 /* Rubik-BoldItalic.ttf */; };
		1973907F21FCBC7E00D892F4 /* Fonts.swift in Sources */ = {isa = PBXBuildFile; fileRef = 1973907E21FCBC7E00D892F4 /* Fonts.swift */; };
		1973908121FDEC7E00D892F4 /* Images.swift in Sources */ = {isa = PBXBuildFile; fileRef = 1973908021FDEC7E00D892F4 /* Images.swift */; };
		1973908421FF033800D892F4 /* AccountsRepository+LoadAccountsSpec.swift in Sources */ = {isa = PBXBuildFile; fileRef = 1973908221FF032000D892F4 /* AccountsRepository+LoadAccountsSpec.swift */; };
		1973908621FF46C800D892F4 /* AccountsRepository+CreateAccountSpec.swift in Sources */ = {isa = PBXBuildFile; fileRef = 1973908521FF46C800D892F4 /* AccountsRepository+CreateAccountSpec.swift */; };
		1973908821FF472B00D892F4 /* AccountsRepository+UpdateAccountSpec.swift in Sources */ = {isa = PBXBuildFile; fileRef = 1973908721FF472B00D892F4 /* AccountsRepository+UpdateAccountSpec.swift */; };
		1973908A21FF4E7900D892F4 /* AccountsRepository+DeleteAccountSpec.swift in Sources */ = {isa = PBXBuildFile; fileRef = 1973908921FF4E7900D892F4 /* AccountsRepository+DeleteAccountSpec.swift */; };
		1973908D21FF7C1A00D892F4 /* AccountsFeature_ReducerSpec.swift in Sources */ = {isa = PBXBuildFile; fileRef = 1973908B21FF7C0800D892F4 /* AccountsFeature_ReducerSpec.swift */; };
		1973908F21FF84E400D892F4 /* AccountSelectorComponent.swift in Sources */ = {isa = PBXBuildFile; fileRef = 1973908E21FF84E400D892F4 /* AccountSelectorComponent.swift */; };
		1973909121FF84F000D892F4 /* AccountSelectorComponent.xib in Resources */ = {isa = PBXBuildFile; fileRef = 1973909021FF84F000D892F4 /* AccountSelectorComponent.xib */; };
		1973909321FF850100D892F4 /* AccountSelectorConnector.swift in Sources */ = {isa = PBXBuildFile; fileRef = 1973909221FF850100D892F4 /* AccountSelectorConnector.swift */; };
		1973909521FF850B00D892F4 /* AccountSelectorProps.swift in Sources */ = {isa = PBXBuildFile; fileRef = 1973909421FF850B00D892F4 /* AccountSelectorProps.swift */; };
		1973909721FF851400D892F4 /* AccountSelectorScene.swift in Sources */ = {isa = PBXBuildFile; fileRef = 1973909621FF851400D892F4 /* AccountSelectorScene.swift */; };
		19A1B18821F3837C0090F760 /* AppDelegate.swift in Sources */ = {isa = PBXBuildFile; fileRef = 19A1B18721F3837C0090F760 /* AppDelegate.swift */; };
		19A1B18F21F3837D0090F760 /* Assets.xcassets in Resources */ = {isa = PBXBuildFile; fileRef = 19A1B18E21F3837D0090F760 /* Assets.xcassets */; };
		19A1B19221F3837E0090F760 /* LaunchScreen.storyboard in Resources */ = {isa = PBXBuildFile; fileRef = 19A1B19021F3837E0090F760 /* LaunchScreen.storyboard */; };
		19A1B1A821F3837E0090F760 /* GroshyUITests.swift in Sources */ = {isa = PBXBuildFile; fileRef = 19A1B1A721F3837E0090F760 /* GroshyUITests.swift */; };
		19A1B1C221F3860E0090F760 /* AppState.swift in Sources */ = {isa = PBXBuildFile; fileRef = 19A1B1C121F3860E0090F760 /* AppState.swift */; };
		19A1B1C621F3894E0090F760 /* Account.swift in Sources */ = {isa = PBXBuildFile; fileRef = 19A1B1C521F3894E0090F760 /* Account.swift */; };
		19A1B1C821F3895C0090F760 /* AccountsState.swift in Sources */ = {isa = PBXBuildFile; fileRef = 19A1B1C721F3895C0090F760 /* AccountsState.swift */; };
		19A1B1CA21F389D60090F760 /* AccountsActions.swift in Sources */ = {isa = PBXBuildFile; fileRef = 19A1B1C921F389D60090F760 /* AccountsActions.swift */; };
		19A1B1CC21F395B20090F760 /* AccountsReducer.swift in Sources */ = {isa = PBXBuildFile; fileRef = 19A1B1CB21F395B20090F760 /* AccountsReducer.swift */; };
		19A1B1CE21F395F10090F760 /* AccountsFeature.swift in Sources */ = {isa = PBXBuildFile; fileRef = 19A1B1CD21F395F10090F760 /* AccountsFeature.swift */; };
		19A1B1D021F398910090F760 /* AppFeature.swift in Sources */ = {isa = PBXBuildFile; fileRef = 19A1B1CF21F398910090F760 /* AppFeature.swift */; };
		19A1B1D221F3991D0090F760 /* AppReducer.swift in Sources */ = {isa = PBXBuildFile; fileRef = 19A1B1D121F3991D0090F760 /* AppReducer.swift */; };
		19A1B1D521F3B1740090F760 /* AppAction.swift in Sources */ = {isa = PBXBuildFile; fileRef = 19A1B1D421F3B1740090F760 /* AppAction.swift */; };
		19A1B1D721F3B3080090F760 /* NibIdentifiable.swift in Sources */ = {isa = PBXBuildFile; fileRef = 19A1B1D621F3B3080090F760 /* NibIdentifiable.swift */; };
		19A1B1DB21F3B4D30090F760 /* RepositoryProvider.swift in Sources */ = {isa = PBXBuildFile; fileRef = 19A1B1DA21F3B4D30090F760 /* RepositoryProvider.swift */; };
		19A1B1DD21F3B4F70090F760 /* RepositoryProviderProtocol.swift in Sources */ = {isa = PBXBuildFile; fileRef = 19A1B1DC21F3B4F70090F760 /* RepositoryProviderProtocol.swift */; };
		19A1B1E021F3B5A90090F760 /* ServiceProvider.swift in Sources */ = {isa = PBXBuildFile; fileRef = 19A1B1DF21F3B5A90090F760 /* ServiceProvider.swift */; };
		19A1B1E221F3B5E10090F760 /* ServiceProviderProtocol.swift in Sources */ = {isa = PBXBuildFile; fileRef = 19A1B1E121F3B5E10090F760 /* ServiceProviderProtocol.swift */; };
		19A1B1E921F3B6200090F760 /* KeychainStorageService.swift in Sources */ = {isa = PBXBuildFile; fileRef = 19A1B1E421F3B61F0090F760 /* KeychainStorageService.swift */; };
		19A1B1EA21F3B6200090F760 /* UserPreferencesStorageService.swift in Sources */ = {isa = PBXBuildFile; fileRef = 19A1B1E521F3B6200090F760 /* UserPreferencesStorageService.swift */; };
		19A1B1EB21F3B6200090F760 /* StorageServiceKey.swift in Sources */ = {isa = PBXBuildFile; fileRef = 19A1B1E621F3B6200090F760 /* StorageServiceKey.swift */; };
		19A1B1EC21F3B6200090F760 /* StorageServiceError.swift in Sources */ = {isa = PBXBuildFile; fileRef = 19A1B1E721F3B6200090F760 /* StorageServiceError.swift */; };
		19A1B1ED21F3B6200090F760 /* StorageServiceProtocol.swift in Sources */ = {isa = PBXBuildFile; fileRef = 19A1B1E821F3B6200090F760 /* StorageServiceProtocol.swift */; };
		19A1B1F021F4CF700090F760 /* AccountsRepositoryProtocol.swift in Sources */ = {isa = PBXBuildFile; fileRef = 19A1B1EF21F4CF700090F760 /* AccountsRepositoryProtocol.swift */; };
		19A1B1F221F4CF8A0090F760 /* AccountsRepository.swift in Sources */ = {isa = PBXBuildFile; fileRef = 19A1B1F121F4CF8A0090F760 /* AccountsRepository.swift */; };
		19A1B1F421F4D8B90090F760 /* AccountsRepositoryError.swift in Sources */ = {isa = PBXBuildFile; fileRef = 19A1B1F321F4D8B90090F760 /* AccountsRepositoryError.swift */; };
		19A1B1FD21F4DCC30090F760 /* MockServiceProvider.swift in Sources */ = {isa = PBXBuildFile; fileRef = 19A1B1FC21F4DCC30090F760 /* MockServiceProvider.swift */; };
		19A1B1FF21F4DD230090F760 /* MockStorageService.swift in Sources */ = {isa = PBXBuildFile; fileRef = 19A1B1FE21F4DD230090F760 /* MockStorageService.swift */; };
		19E0B0B42208BF1C00AF56D7 /* CategoriesRepository.swift in Sources */ = {isa = PBXBuildFile; fileRef = 19E0B0B32208BF1C00AF56D7 /* CategoriesRepository.swift */; };
		19E0B0B62208BF2500AF56D7 /* CategoriesRepositoryProtocol.swift in Sources */ = {isa = PBXBuildFile; fileRef = 19E0B0B52208BF2500AF56D7 /* CategoriesRepositoryProtocol.swift */; };
		19E0B0B82208BF4500AF56D7 /* CategoriesRepositoryError.swift in Sources */ = {isa = PBXBuildFile; fileRef = 19E0B0B72208BF4500AF56D7 /* CategoriesRepositoryError.swift */; };
		19E0B0BB2208C75B00AF56D7 /* CategoryCell.swift in Sources */ = {isa = PBXBuildFile; fileRef = 19E0B0BA2208C75B00AF56D7 /* CategoryCell.swift */; };
		19E0B0BD2208C76600AF56D7 /* CategoryCell.xib in Resources */ = {isa = PBXBuildFile; fileRef = 19E0B0BC2208C76600AF56D7 /* CategoryCell.xib */; };
		4522FF75E83E63105C8715E5 /* Pods_Groshy.framework in Frameworks */ = {isa = PBXBuildFile; fileRef = DCFE9A34AC7BEF732228E37F /* Pods_Groshy.framework */; };
		A2275B6857F2855A42DA91C0 /* Pods_GroshyTests.framework in Frameworks */ = {isa = PBXBuildFile; fileRef = E636AA3A772C8C69D136450B /* Pods_GroshyTests.framework */; };
/* End PBXBuildFile section */

/* Begin PBXContainerItemProxy section */
		19A1B19921F3837E0090F760 /* PBXContainerItemProxy */ = {
			isa = PBXContainerItemProxy;
			containerPortal = 19A1B17C21F3837C0090F760 /* Project object */;
			proxyType = 1;
			remoteGlobalIDString = 19A1B18321F3837C0090F760;
			remoteInfo = Groshy;
		};
		19A1B1A421F3837E0090F760 /* PBXContainerItemProxy */ = {
			isa = PBXContainerItemProxy;
			containerPortal = 19A1B17C21F3837C0090F760 /* Project object */;
			proxyType = 1;
			remoteGlobalIDString = 19A1B18321F3837C0090F760;
			remoteInfo = Groshy;
		};
/* End PBXContainerItemProxy section */

/* Begin PBXFileReference section */
		1932F43E2207695A00B2502B /* CategoriesFeature.swift */ = {isa = PBXFileReference; lastKnownFileType = sourcecode.swift; path = CategoriesFeature.swift; sourceTree = "<group>"; };
		1932F4402207696500B2502B /* CategoriesActions.swift */ = {isa = PBXFileReference; lastKnownFileType = sourcecode.swift; path = CategoriesActions.swift; sourceTree = "<group>"; };
		1932F4422207697000B2502B /* CategoriesCommands.swift */ = {isa = PBXFileReference; lastKnownFileType = sourcecode.swift; path = CategoriesCommands.swift; sourceTree = "<group>"; };
		1932F4442207697E00B2502B /* CategoriesReducer.swift */ = {isa = PBXFileReference; lastKnownFileType = sourcecode.swift; path = CategoriesReducer.swift; sourceTree = "<group>"; };
		1932F4462207698700B2502B /* CategoriesState.swift */ = {isa = PBXFileReference; lastKnownFileType = sourcecode.swift; path = CategoriesState.swift; sourceTree = "<group>"; };
		1932F44822077BFA00B2502B /* CategoriesComponent.swift */ = {isa = PBXFileReference; lastKnownFileType = sourcecode.swift; path = CategoriesComponent.swift; sourceTree = "<group>"; };
		1932F44A22077C0300B2502B /* CategoriesComponent.xib */ = {isa = PBXFileReference; lastKnownFileType = file.xib; path = CategoriesComponent.xib; sourceTree = "<group>"; };
		1932F44C22077C0F00B2502B /* CategoriesConnector.swift */ = {isa = PBXFileReference; lastKnownFileType = sourcecode.swift; path = CategoriesConnector.swift; sourceTree = "<group>"; };
		1932F44E22077C1600B2502B /* CategoriesProps.swift */ = {isa = PBXFileReference; lastKnownFileType = sourcecode.swift; path = CategoriesProps.swift; sourceTree = "<group>"; };
		1932F45022077C1F00B2502B /* CategoriesScene.swift */ = {isa = PBXFileReference; lastKnownFileType = sourcecode.swift; path = CategoriesScene.swift; sourceTree = "<group>"; };
		1940F4B221FB03F50063DB54 /* TransactionFeature.swift */ = {isa = PBXFileReference; lastKnownFileType = sourcecode.swift; path = TransactionFeature.swift; sourceTree = "<group>"; };
		1940F4B421FB04290063DB54 /* TransactionState.swift */ = {isa = PBXFileReference; lastKnownFileType = sourcecode.swift; path = TransactionState.swift; sourceTree = "<group>"; };
		1940F4B721FB0C9D0063DB54 /* KeyboardFeature.swift */ = {isa = PBXFileReference; lastKnownFileType = sourcecode.swift; path = KeyboardFeature.swift; sourceTree = "<group>"; };
		1940F4B921FB0CB60063DB54 /* KeyboardState.swift */ = {isa = PBXFileReference; lastKnownFileType = sourcecode.swift; path = KeyboardState.swift; sourceTree = "<group>"; };
		1940F4BB21FB0E4D0063DB54 /* KeyboardActions.swift */ = {isa = PBXFileReference; lastKnownFileType = sourcecode.swift; path = KeyboardActions.swift; sourceTree = "<group>"; };
		1940F4BD21FB0E5C0063DB54 /* KeyboardCommands.swift */ = {isa = PBXFileReference; lastKnownFileType = sourcecode.swift; path = KeyboardCommands.swift; sourceTree = "<group>"; };
		1940F4BF21FB1D8E0063DB54 /* KeyboardReducer.swift */ = {isa = PBXFileReference; lastKnownFileType = sourcecode.swift; path = KeyboardReducer.swift; sourceTree = "<group>"; };
		1940F4C121FC890A0063DB54 /* Colors.swift */ = {isa = PBXFileReference; lastKnownFileType = sourcecode.swift; path = Colors.swift; sourceTree = "<group>"; };
		1940F4C421FC8AB50063DB54 /* UIColor+RGB.swift */ = {isa = PBXFileReference; lastKnownFileType = sourcecode.swift; path = "UIColor+RGB.swift"; sourceTree = "<group>"; };
		1943B00521F66D3C0054119C /* MainScreenConnector.swift */ = {isa = PBXFileReference; lastKnownFileType = sourcecode.swift; path = MainScreenConnector.swift; sourceTree = "<group>"; };
		1943B00721F66D4C0054119C /* MainScreenProps.swift */ = {isa = PBXFileReference; lastKnownFileType = sourcecode.swift; path = MainScreenProps.swift; sourceTree = "<group>"; };
		1943B00921F66D630054119C /* MainScreenComponent.swift */ = {isa = PBXFileReference; lastKnownFileType = sourcecode.swift; path = MainScreenComponent.swift; sourceTree = "<group>"; };
		1943B00B21F66D890054119C /* MainScreenComponent.xib */ = {isa = PBXFileReference; lastKnownFileType = file.xib; path = MainScreenComponent.xib; sourceTree = "<group>"; };
		1943B00F21F66FDC0054119C /* MainScreenScene.swift */ = {isa = PBXFileReference; lastKnownFileType = sourcecode.swift; path = MainScreenScene.swift; sourceTree = "<group>"; };
		1943B01121F67ED30054119C /* Connector.swift */ = {isa = PBXFileReference; lastKnownFileType = sourcecode.swift; path = Connector.swift; sourceTree = "<group>"; };
		1943B01421F67F100054119C /* BaseConnector.swift */ = {isa = PBXFileReference; lastKnownFileType = sourcecode.swift; path = BaseConnector.swift; sourceTree = "<group>"; };
		1943B01621F67FDB0054119C /* Component.swift */ = {isa = PBXFileReference; lastKnownFileType = sourcecode.swift; path = Component.swift; sourceTree = "<group>"; };
		1943B01A21F68D9C0054119C /* Scene.swift */ = {isa = PBXFileReference; lastKnownFileType = sourcecode.swift; path = Scene.swift; sourceTree = "<group>"; };
		1943B01E21F857FA0054119C /* AccountsCommands.swift */ = {isa = PBXFileReference; lastKnownFileType = sourcecode.swift; path = AccountsCommands.swift; sourceTree = "<group>"; };
		1943B02F21F9EDD90054119C /* Category.swift */ = {isa = PBXFileReference; lastKnownFileType = sourcecode.swift; path = Category.swift; sourceTree = "<group>"; };
		1943B03321F9EE5D0054119C /* CategoryIcon.swift */ = {isa = PBXFileReference; lastKnownFileType = sourcecode.swift; path = CategoryIcon.swift; sourceTree = "<group>"; };
		1943B03621F9F46E0054119C /* Transaction.swift */ = {isa = PBXFileReference; lastKnownFileType = sourcecode.swift; path = Transaction.swift; sourceTree = "<group>"; };
		1943B03821FA075F0054119C /* KeyboardScene.swift */ = {isa = PBXFileReference; lastKnownFileType = sourcecode.swift; path = KeyboardScene.swift; sourceTree = "<group>"; };
		1943B03C21FA07750054119C /* KeyboardProps.swift */ = {isa = PBXFileReference; lastKnownFileType = sourcecode.swift; path = KeyboardProps.swift; sourceTree = "<group>"; };
		1943B03E21FA077D0054119C /* KeyboardConnector.swift */ = {isa = PBXFileReference; lastKnownFileType = sourcecode.swift; path = KeyboardConnector.swift; sourceTree = "<group>"; };
		1943B04021FA07890054119C /* KeyboardComponent.swift */ = {isa = PBXFileReference; lastKnownFileType = sourcecode.swift; path = KeyboardComponent.swift; sourceTree = "<group>"; };
		1943B04221FA07930054119C /* KeyboardComponent.xib */ = {isa = PBXFileReference; lastKnownFileType = file.xib; path = KeyboardComponent.xib; sourceTree = "<group>"; };
		1973906A21FCBC3400D892F4 /* Rubik-MediumItalic.ttf */ = {isa = PBXFileReference; lastKnownFileType = file; path = "Rubik-MediumItalic.ttf"; sourceTree = "<group>"; };
		1973906B21FCBC3400D892F4 /* Rubik-Bold.ttf */ = {isa = PBXFileReference; lastKnownFileType = file; path = "Rubik-Bold.ttf"; sourceTree = "<group>"; };
		1973906C21FCBC3400D892F4 /* Rubik-Light.ttf */ = {isa = PBXFileReference; lastKnownFileType = file; path = "Rubik-Light.ttf"; sourceTree = "<group>"; };
		1973906D21FCBC3400D892F4 /* Rubik-Medium.ttf */ = {isa = PBXFileReference; lastKnownFileType = file; path = "Rubik-Medium.ttf"; sourceTree = "<group>"; };
		1973906E21FCBC3400D892F4 /* Rubik-Black.ttf */ = {isa = PBXFileReference; lastKnownFileType = file; path = "Rubik-Black.ttf"; sourceTree = "<group>"; };
		1973906F21FCBC3400D892F4 /* Rubik-Italic.ttf */ = {isa = PBXFileReference; lastKnownFileType = file; path = "Rubik-Italic.ttf"; sourceTree = "<group>"; };
		1973907021FCBC3400D892F4 /* Rubik-LightItalic.ttf */ = {isa = PBXFileReference; lastKnownFileType = file; path = "Rubik-LightItalic.ttf"; sourceTree = "<group>"; };
		1973907121FCBC3400D892F4 /* Rubik-BlackItalic.ttf */ = {isa = PBXFileReference; lastKnownFileType = file; path = "Rubik-BlackItalic.ttf"; sourceTree = "<group>"; };
		1973907221FCBC3400D892F4 /* Rubik-Regular.ttf */ = {isa = PBXFileReference; lastKnownFileType = file; path = "Rubik-Regular.ttf"; sourceTree = "<group>"; };
		1973907321FCBC3400D892F4 /* Rubik-BoldItalic.ttf */ = {isa = PBXFileReference; lastKnownFileType = file; path = "Rubik-BoldItalic.ttf"; sourceTree = "<group>"; };
		1973907E21FCBC7E00D892F4 /* Fonts.swift */ = {isa = PBXFileReference; lastKnownFileType = sourcecode.swift; path = Fonts.swift; sourceTree = "<group>"; };
		1973908021FDEC7E00D892F4 /* Images.swift */ = {isa = PBXFileReference; lastKnownFileType = sourcecode.swift; path = Images.swift; sourceTree = "<group>"; };
		1973908221FF032000D892F4 /* AccountsRepository+LoadAccountsSpec.swift */ = {isa = PBXFileReference; lastKnownFileType = sourcecode.swift; path = "AccountsRepository+LoadAccountsSpec.swift"; sourceTree = "<group>"; };
		1973908521FF46C800D892F4 /* AccountsRepository+CreateAccountSpec.swift */ = {isa = PBXFileReference; lastKnownFileType = sourcecode.swift; path = "AccountsRepository+CreateAccountSpec.swift"; sourceTree = "<group>"; };
		1973908721FF472B00D892F4 /* AccountsRepository+UpdateAccountSpec.swift */ = {isa = PBXFileReference; lastKnownFileType = sourcecode.swift; path = "AccountsRepository+UpdateAccountSpec.swift"; sourceTree = "<group>"; };
		1973908921FF4E7900D892F4 /* AccountsRepository+DeleteAccountSpec.swift */ = {isa = PBXFileReference; lastKnownFileType = sourcecode.swift; path = "AccountsRepository+DeleteAccountSpec.swift"; sourceTree = "<group>"; };
		1973908B21FF7C0800D892F4 /* AccountsFeature_ReducerSpec.swift */ = {isa = PBXFileReference; lastKnownFileType = sourcecode.swift; path = AccountsFeature_ReducerSpec.swift; sourceTree = "<group>"; };
		1973908E21FF84E400D892F4 /* AccountSelectorComponent.swift */ = {isa = PBXFileReference; lastKnownFileType = sourcecode.swift; path = AccountSelectorComponent.swift; sourceTree = "<group>"; };
		1973909021FF84F000D892F4 /* AccountSelectorComponent.xib */ = {isa = PBXFileReference; lastKnownFileType = file.xib; path = AccountSelectorComponent.xib; sourceTree = "<group>"; };
		1973909221FF850100D892F4 /* AccountSelectorConnector.swift */ = {isa = PBXFileReference; lastKnownFileType = sourcecode.swift; path = AccountSelectorConnector.swift; sourceTree = "<group>"; };
		1973909421FF850B00D892F4 /* AccountSelectorProps.swift */ = {isa = PBXFileReference; lastKnownFileType = sourcecode.swift; path = AccountSelectorProps.swift; sourceTree = "<group>"; };
		1973909621FF851400D892F4 /* AccountSelectorScene.swift */ = {isa = PBXFileReference; lastKnownFileType = sourcecode.swift; path = AccountSelectorScene.swift; sourceTree = "<group>"; };
		19A1B18421F3837C0090F760 /* Groshy.app */ = {isa = PBXFileReference; explicitFileType = wrapper.application; includeInIndex = 0; path = Groshy.app; sourceTree = BUILT_PRODUCTS_DIR; };
		19A1B18721F3837C0090F760 /* AppDelegate.swift */ = {isa = PBXFileReference; lastKnownFileType = sourcecode.swift; path = AppDelegate.swift; sourceTree = "<group>"; };
		19A1B18E21F3837D0090F760 /* Assets.xcassets */ = {isa = PBXFileReference; lastKnownFileType = folder.assetcatalog; path = Assets.xcassets; sourceTree = "<group>"; };
		19A1B19121F3837E0090F760 /* Base */ = {isa = PBXFileReference; lastKnownFileType = file.storyboard; name = Base; path = Base.lproj/LaunchScreen.storyboard; sourceTree = "<group>"; };
		19A1B19321F3837E0090F760 /* Info.plist */ = {isa = PBXFileReference; lastKnownFileType = text.plist.xml; path = Info.plist; sourceTree = "<group>"; };
		19A1B19821F3837E0090F760 /* GroshyTests.xctest */ = {isa = PBXFileReference; explicitFileType = wrapper.cfbundle; includeInIndex = 0; path = GroshyTests.xctest; sourceTree = BUILT_PRODUCTS_DIR; };
		19A1B19E21F3837E0090F760 /* Info.plist */ = {isa = PBXFileReference; lastKnownFileType = text.plist.xml; path = Info.plist; sourceTree = "<group>"; };
		19A1B1A321F3837E0090F760 /* GroshyUITests.xctest */ = {isa = PBXFileReference; explicitFileType = wrapper.cfbundle; includeInIndex = 0; path = GroshyUITests.xctest; sourceTree = BUILT_PRODUCTS_DIR; };
		19A1B1A721F3837E0090F760 /* GroshyUITests.swift */ = {isa = PBXFileReference; lastKnownFileType = sourcecode.swift; path = GroshyUITests.swift; sourceTree = "<group>"; };
		19A1B1A921F3837E0090F760 /* Info.plist */ = {isa = PBXFileReference; lastKnownFileType = text.plist.xml; path = Info.plist; sourceTree = "<group>"; };
		19A1B1C121F3860E0090F760 /* AppState.swift */ = {isa = PBXFileReference; lastKnownFileType = sourcecode.swift; path = AppState.swift; sourceTree = "<group>"; };
		19A1B1C521F3894E0090F760 /* Account.swift */ = {isa = PBXFileReference; lastKnownFileType = sourcecode.swift; path = Account.swift; sourceTree = "<group>"; };
		19A1B1C721F3895C0090F760 /* AccountsState.swift */ = {isa = PBXFileReference; lastKnownFileType = sourcecode.swift; path = AccountsState.swift; sourceTree = "<group>"; };
		19A1B1C921F389D60090F760 /* AccountsActions.swift */ = {isa = PBXFileReference; lastKnownFileType = sourcecode.swift; path = AccountsActions.swift; sourceTree = "<group>"; };
		19A1B1CB21F395B20090F760 /* AccountsReducer.swift */ = {isa = PBXFileReference; lastKnownFileType = sourcecode.swift; path = AccountsReducer.swift; sourceTree = "<group>"; };
		19A1B1CD21F395F10090F760 /* AccountsFeature.swift */ = {isa = PBXFileReference; lastKnownFileType = sourcecode.swift; path = AccountsFeature.swift; sourceTree = "<group>"; };
		19A1B1CF21F398910090F760 /* AppFeature.swift */ = {isa = PBXFileReference; lastKnownFileType = sourcecode.swift; path = AppFeature.swift; sourceTree = "<group>"; };
		19A1B1D121F3991D0090F760 /* AppReducer.swift */ = {isa = PBXFileReference; lastKnownFileType = sourcecode.swift; path = AppReducer.swift; sourceTree = "<group>"; };
		19A1B1D421F3B1740090F760 /* AppAction.swift */ = {isa = PBXFileReference; lastKnownFileType = sourcecode.swift; path = AppAction.swift; sourceTree = "<group>"; };
		19A1B1D621F3B3080090F760 /* NibIdentifiable.swift */ = {isa = PBXFileReference; lastKnownFileType = sourcecode.swift; path = NibIdentifiable.swift; sourceTree = "<group>"; };
		19A1B1DA21F3B4D30090F760 /* RepositoryProvider.swift */ = {isa = PBXFileReference; lastKnownFileType = sourcecode.swift; path = RepositoryProvider.swift; sourceTree = "<group>"; };
		19A1B1DC21F3B4F70090F760 /* RepositoryProviderProtocol.swift */ = {isa = PBXFileReference; lastKnownFileType = sourcecode.swift; path = RepositoryProviderProtocol.swift; sourceTree = "<group>"; };
		19A1B1DF21F3B5A90090F760 /* ServiceProvider.swift */ = {isa = PBXFileReference; lastKnownFileType = sourcecode.swift; path = ServiceProvider.swift; sourceTree = "<group>"; };
		19A1B1E121F3B5E10090F760 /* ServiceProviderProtocol.swift */ = {isa = PBXFileReference; lastKnownFileType = sourcecode.swift; path = ServiceProviderProtocol.swift; sourceTree = "<group>"; };
		19A1B1E421F3B61F0090F760 /* KeychainStorageService.swift */ = {isa = PBXFileReference; fileEncoding = 4; lastKnownFileType = sourcecode.swift; path = KeychainStorageService.swift; sourceTree = "<group>"; };
		19A1B1E521F3B6200090F760 /* UserPreferencesStorageService.swift */ = {isa = PBXFileReference; fileEncoding = 4; lastKnownFileType = sourcecode.swift; path = UserPreferencesStorageService.swift; sourceTree = "<group>"; };
		19A1B1E621F3B6200090F760 /* StorageServiceKey.swift */ = {isa = PBXFileReference; fileEncoding = 4; lastKnownFileType = sourcecode.swift; path = StorageServiceKey.swift; sourceTree = "<group>"; };
		19A1B1E721F3B6200090F760 /* StorageServiceError.swift */ = {isa = PBXFileReference; fileEncoding = 4; lastKnownFileType = sourcecode.swift; path = StorageServiceError.swift; sourceTree = "<group>"; };
		19A1B1E821F3B6200090F760 /* StorageServiceProtocol.swift */ = {isa = PBXFileReference; fileEncoding = 4; lastKnownFileType = sourcecode.swift; path = StorageServiceProtocol.swift; sourceTree = "<group>"; };
		19A1B1EF21F4CF700090F760 /* AccountsRepositoryProtocol.swift */ = {isa = PBXFileReference; lastKnownFileType = sourcecode.swift; path = AccountsRepositoryProtocol.swift; sourceTree = "<group>"; };
		19A1B1F121F4CF8A0090F760 /* AccountsRepository.swift */ = {isa = PBXFileReference; lastKnownFileType = sourcecode.swift; path = AccountsRepository.swift; sourceTree = "<group>"; };
		19A1B1F321F4D8B90090F760 /* AccountsRepositoryError.swift */ = {isa = PBXFileReference; lastKnownFileType = sourcecode.swift; path = AccountsRepositoryError.swift; sourceTree = "<group>"; };
		19A1B1FC21F4DCC30090F760 /* MockServiceProvider.swift */ = {isa = PBXFileReference; lastKnownFileType = sourcecode.swift; path = MockServiceProvider.swift; sourceTree = "<group>"; };
		19A1B1FE21F4DD230090F760 /* MockStorageService.swift */ = {isa = PBXFileReference; lastKnownFileType = sourcecode.swift; path = MockStorageService.swift; sourceTree = "<group>"; };
		19E0B0B32208BF1C00AF56D7 /* CategoriesRepository.swift */ = {isa = PBXFileReference; lastKnownFileType = sourcecode.swift; path = CategoriesRepository.swift; sourceTree = "<group>"; };
		19E0B0B52208BF2500AF56D7 /* CategoriesRepositoryProtocol.swift */ = {isa = PBXFileReference; lastKnownFileType = sourcecode.swift; path = CategoriesRepositoryProtocol.swift; sourceTree = "<group>"; };
		19E0B0B72208BF4500AF56D7 /* CategoriesRepositoryError.swift */ = {isa = PBXFileReference; lastKnownFileType = sourcecode.swift; path = CategoriesRepositoryError.swift; sourceTree = "<group>"; };
		19E0B0BA2208C75B00AF56D7 /* CategoryCell.swift */ = {isa = PBXFileReference; lastKnownFileType = sourcecode.swift; path = CategoryCell.swift; sourceTree = "<group>"; };
		19E0B0BC2208C76600AF56D7 /* CategoryCell.xib */ = {isa = PBXFileReference; lastKnownFileType = file.xib; path = CategoryCell.xib; sourceTree = "<group>"; };
		816DF7E53140969F2A2A7654 /* Pods-Groshy.debug.xcconfig */ = {isa = PBXFileReference; includeInIndex = 1; lastKnownFileType = text.xcconfig; name = "Pods-Groshy.debug.xcconfig"; path = "Pods/Target Support Files/Pods-Groshy/Pods-Groshy.debug.xcconfig"; sourceTree = "<group>"; };
		884E6ED1DE1C85D9FA2C1A82 /* Pods-GroshyUITests.debug.xcconfig */ = {isa = PBXFileReference; includeInIndex = 1; lastKnownFileType = text.xcconfig; name = "Pods-GroshyUITests.debug.xcconfig"; path = "Pods/Target Support Files/Pods-GroshyUITests/Pods-GroshyUITests.debug.xcconfig"; sourceTree = "<group>"; };
		8C424832E1D666D694D8562B /* Pods-GroshyUITests.release.xcconfig */ = {isa = PBXFileReference; includeInIndex = 1; lastKnownFileType = text.xcconfig; name = "Pods-GroshyUITests.release.xcconfig"; path = "Pods/Target Support Files/Pods-GroshyUITests/Pods-GroshyUITests.release.xcconfig"; sourceTree = "<group>"; };
		94E87EB12D3F19ED61B109DB /* Pods-GroshyTests.debug.xcconfig */ = {isa = PBXFileReference; includeInIndex = 1; lastKnownFileType = text.xcconfig; name = "Pods-GroshyTests.debug.xcconfig"; path = "Pods/Target Support Files/Pods-GroshyTests/Pods-GroshyTests.debug.xcconfig"; sourceTree = "<group>"; };
		9F91E71E98CF0F647F159C96 /* Pods_GroshyUITests.framework */ = {isa = PBXFileReference; explicitFileType = wrapper.framework; includeInIndex = 0; path = Pods_GroshyUITests.framework; sourceTree = BUILT_PRODUCTS_DIR; };
		DCFE9A34AC7BEF732228E37F /* Pods_Groshy.framework */ = {isa = PBXFileReference; explicitFileType = wrapper.framework; includeInIndex = 0; path = Pods_Groshy.framework; sourceTree = BUILT_PRODUCTS_DIR; };
		E636AA3A772C8C69D136450B /* Pods_GroshyTests.framework */ = {isa = PBXFileReference; explicitFileType = wrapper.framework; includeInIndex = 0; path = Pods_GroshyTests.framework; sourceTree = BUILT_PRODUCTS_DIR; };
		F954A2FD261D4B52D234C9EF /* Pods-GroshyTests.release.xcconfig */ = {isa = PBXFileReference; includeInIndex = 1; lastKnownFileType = text.xcconfig; name = "Pods-GroshyTests.release.xcconfig"; path = "Pods/Target Support Files/Pods-GroshyTests/Pods-GroshyTests.release.xcconfig"; sourceTree = "<group>"; };
		FCA1848DAA4EEF223C660927 /* Pods-Groshy.release.xcconfig */ = {isa = PBXFileReference; includeInIndex = 1; lastKnownFileType = text.xcconfig; name = "Pods-Groshy.release.xcconfig"; path = "Pods/Target Support Files/Pods-Groshy/Pods-Groshy.release.xcconfig"; sourceTree = "<group>"; };
/* End PBXFileReference section */

/* Begin PBXFrameworksBuildPhase section */
		19A1B18121F3837C0090F760 /* Frameworks */ = {
			isa = PBXFrameworksBuildPhase;
			buildActionMask = 2147483647;
			files = (
				4522FF75E83E63105C8715E5 /* Pods_Groshy.framework in Frameworks */,
			);
			runOnlyForDeploymentPostprocessing = 0;
		};
		19A1B19521F3837E0090F760 /* Frameworks */ = {
			isa = PBXFrameworksBuildPhase;
			buildActionMask = 2147483647;
			files = (
				A2275B6857F2855A42DA91C0 /* Pods_GroshyTests.framework in Frameworks */,
			);
			runOnlyForDeploymentPostprocessing = 0;
		};
		19A1B1A021F3837E0090F760 /* Frameworks */ = {
			isa = PBXFrameworksBuildPhase;
			buildActionMask = 2147483647;
			files = (
				0F5F156400EF92E8088D4F3A /* Pods_GroshyUITests.framework in Frameworks */,
			);
			runOnlyForDeploymentPostprocessing = 0;
		};
/* End PBXFrameworksBuildPhase section */

/* Begin PBXGroup section */
		1932F43D2207693B00B2502B /* Categories */ = {
			isa = PBXGroup;
			children = (
				1932F4402207696500B2502B /* CategoriesActions.swift */,
				1932F4422207697000B2502B /* CategoriesCommands.swift */,
				1932F43E2207695A00B2502B /* CategoriesFeature.swift */,
				1932F4442207697E00B2502B /* CategoriesReducer.swift */,
				1932F4462207698700B2502B /* CategoriesState.swift */,
			);
			path = Categories;
			sourceTree = "<group>";
		};
		1940F4B121FB02B70063DB54 /* Transaction */ = {
			isa = PBXGroup;
			children = (
				1940F4B221FB03F50063DB54 /* TransactionFeature.swift */,
				1940F4B421FB04290063DB54 /* TransactionState.swift */,
			);
			path = Transaction;
			sourceTree = "<group>";
		};
		1940F4B621FB0C640063DB54 /* Keyboard */ = {
			isa = PBXGroup;
			children = (
				1940F4BB21FB0E4D0063DB54 /* KeyboardActions.swift */,
				1940F4BD21FB0E5C0063DB54 /* KeyboardCommands.swift */,
				1940F4B721FB0C9D0063DB54 /* KeyboardFeature.swift */,
				1940F4BF21FB1D8E0063DB54 /* KeyboardReducer.swift */,
				1940F4B921FB0CB60063DB54 /* KeyboardState.swift */,
			);
			path = Keyboard;
			sourceTree = "<group>";
		};
		1940F4C321FC8A9D0063DB54 /* Extensions */ = {
			isa = PBXGroup;
			children = (
				1940F4C421FC8AB50063DB54 /* UIColor+RGB.swift */,
			);
			path = Extensions;
			sourceTree = "<group>";
		};
		1943B00421F66C370054119C /* MainScreen */ = {
			isa = PBXGroup;
			children = (
				1943B00921F66D630054119C /* MainScreenComponent.swift */,
				1943B00B21F66D890054119C /* MainScreenComponent.xib */,
				1943B00521F66D3C0054119C /* MainScreenConnector.swift */,
				1943B00721F66D4C0054119C /* MainScreenProps.swift */,
				1943B00F21F66FDC0054119C /* MainScreenScene.swift */,
			);
			path = MainScreen;
			sourceTree = "<group>";
		};
		1943B01321F67F050054119C /* Base */ = {
			isa = PBXGroup;
			children = (
				1943B01421F67F100054119C /* BaseConnector.swift */,
				1943B01A21F68D9C0054119C /* Scene.swift */,
			);
			path = Base;
			sourceTree = "<group>";
		};
		1943B02221F8C1610054119C /* Features */ = {
			isa = PBXGroup;
			children = (
				1943B02321F8C1820054119C /* Accounts */,
			);
			path = Features;
			sourceTree = "<group>";
		};
		1943B02321F8C1820054119C /* Accounts */ = {
			isa = PBXGroup;
			children = (
				1973908B21FF7C0800D892F4 /* AccountsFeature_ReducerSpec.swift */,
			);
			path = Accounts;
			sourceTree = "<group>";
		};
		1943B02921F9C4BE0054119C /* AccountSelector */ = {
			isa = PBXGroup;
			children = (
				1973908E21FF84E400D892F4 /* AccountSelectorComponent.swift */,
				1973909021FF84F000D892F4 /* AccountSelectorComponent.xib */,
				1973909221FF850100D892F4 /* AccountSelectorConnector.swift */,
				1973909421FF850B00D892F4 /* AccountSelectorProps.swift */,
				1973909621FF851400D892F4 /* AccountSelectorScene.swift */,
			);
			path = AccountSelector;
			sourceTree = "<group>";
		};
		1943B02A21F9C4DA0054119C /* Keyboard */ = {
			isa = PBXGroup;
			children = (
				1943B04021FA07890054119C /* KeyboardComponent.swift */,
				1943B04221FA07930054119C /* KeyboardComponent.xib */,
				1943B03E21FA077D0054119C /* KeyboardConnector.swift */,
				1943B03C21FA07750054119C /* KeyboardProps.swift */,
				1943B03821FA075F0054119C /* KeyboardScene.swift */,
			);
			path = Keyboard;
			sourceTree = "<group>";
		};
		1943B02B21F9C4F30054119C /* Categories */ = {
			isa = PBXGroup;
			children = (
				19E0B0B92208C73800AF56D7 /* Views */,
				1932F44822077BFA00B2502B /* CategoriesComponent.swift */,
				1932F44A22077C0300B2502B /* CategoriesComponent.xib */,
				1932F44C22077C0F00B2502B /* CategoriesConnector.swift */,
				1932F44E22077C1600B2502B /* CategoriesProps.swift */,
				1932F45022077C1F00B2502B /* CategoriesScene.swift */,
			);
			path = Categories;
			sourceTree = "<group>";
		};
		1973906621FCBBA900D892F4 /* Images */ = {
			isa = PBXGroup;
			children = (
				19A1B18E21F3837D0090F760 /* Assets.xcassets */,
				1973908021FDEC7E00D892F4 /* Images.swift */,
			);
			path = Images;
			sourceTree = "<group>";
		};
		1973906721FCBBB400D892F4 /* Colors */ = {
			isa = PBXGroup;
			children = (
				1940F4C121FC890A0063DB54 /* Colors.swift */,
			);
			path = Colors;
			sourceTree = "<group>";
		};
		1973906821FCBBC700D892F4 /* Fonts */ = {
			isa = PBXGroup;
			children = (
				1973906921FCBC3400D892F4 /* Rubic */,
				1973907E21FCBC7E00D892F4 /* Fonts.swift */,
			);
			path = Fonts;
			sourceTree = "<group>";
		};
		1973906921FCBC3400D892F4 /* Rubic */ = {
			isa = PBXGroup;
			children = (
				1973906A21FCBC3400D892F4 /* Rubik-MediumItalic.ttf */,
				1973906B21FCBC3400D892F4 /* Rubik-Bold.ttf */,
				1973906C21FCBC3400D892F4 /* Rubik-Light.ttf */,
				1973906D21FCBC3400D892F4 /* Rubik-Medium.ttf */,
				1973906E21FCBC3400D892F4 /* Rubik-Black.ttf */,
				1973906F21FCBC3400D892F4 /* Rubik-Italic.ttf */,
				1973907021FCBC3400D892F4 /* Rubik-LightItalic.ttf */,
				1973907121FCBC3400D892F4 /* Rubik-BlackItalic.ttf */,
				1973907221FCBC3400D892F4 /* Rubik-Regular.ttf */,
				1973907321FCBC3400D892F4 /* Rubik-BoldItalic.ttf */,
			);
			path = Rubic;
			sourceTree = "<group>";
		};
		19A1B17B21F3837C0090F760 = {
			isa = PBXGroup;
			children = (
				19A1B18621F3837C0090F760 /* Sources */,
				19A1B1B521F384020090F760 /* Tests */,
				19A1B18521F3837C0090F760 /* Products */,
				8130D46B2FD21007E61FAD0D /* Pods */,
				3A8E88AE0ED20D7B651327DE /* Frameworks */,
			);
			sourceTree = "<group>";
		};
		19A1B18521F3837C0090F760 /* Products */ = {
			isa = PBXGroup;
			children = (
				19A1B18421F3837C0090F760 /* Groshy.app */,
				19A1B19821F3837E0090F760 /* GroshyTests.xctest */,
				19A1B1A321F3837E0090F760 /* GroshyUITests.xctest */,
			);
			name = Products;
			sourceTree = "<group>";
		};
		19A1B18621F3837C0090F760 /* Sources */ = {
			isa = PBXGroup;
			children = (
				19A1B1B621F384260090F760 /* App */,
				19A1B1BD21F384D70090F760 /* Common */,
				19A1B1D321F3A8A30090F760 /* Components */,
				19A1B1BE21F384DC0090F760 /* Features */,
				19A1B1BF21F385E50090F760 /* Models */,
				19A1B1BC21F384C80090F760 /* Repositories */,
				19A1B1B921F384400090F760 /* Resources */,
				19A1B1BB21F384C10090F760 /* Services */,
			);
			path = Sources;
			sourceTree = "<group>";
		};
		19A1B19B21F3837E0090F760 /* Unit Tests */ = {
			isa = PBXGroup;
			children = (
				1943B02221F8C1610054119C /* Features */,
				19A1B1F821F4DC7D0090F760 /* Mocks */,
				19A1B1F521F4DBBB0090F760 /* Repositories */,
				19A1B19E21F3837E0090F760 /* Info.plist */,
			);
			path = "Unit Tests";
			sourceTree = "<group>";
		};
		19A1B1A621F3837E0090F760 /* UI Tests */ = {
			isa = PBXGroup;
			children = (
				19A1B1A721F3837E0090F760 /* GroshyUITests.swift */,
				19A1B1A921F3837E0090F760 /* Info.plist */,
			);
			path = "UI Tests";
			sourceTree = "<group>";
		};
		19A1B1B521F384020090F760 /* Tests */ = {
			isa = PBXGroup;
			children = (
				19A1B1A621F3837E0090F760 /* UI Tests */,
				19A1B19B21F3837E0090F760 /* Unit Tests */,
			);
			path = Tests;
			sourceTree = "<group>";
		};
		19A1B1B621F384260090F760 /* App */ = {
			isa = PBXGroup;
			children = (
				19A1B18721F3837C0090F760 /* AppDelegate.swift */,
				19A1B19321F3837E0090F760 /* Info.plist */,
			);
			path = App;
			sourceTree = "<group>";
		};
		19A1B1B921F384400090F760 /* Resources */ = {
			isa = PBXGroup;
			children = (
				1973906721FCBBB400D892F4 /* Colors */,
				1940F4C321FC8A9D0063DB54 /* Extensions */,
				1973906821FCBBC700D892F4 /* Fonts */,
				1973906621FCBBA900D892F4 /* Images */,
				19A1B19021F3837E0090F760 /* LaunchScreen.storyboard */,
			);
			path = Resources;
			sourceTree = "<group>";
		};
		19A1B1BB21F384C10090F760 /* Services */ = {
			isa = PBXGroup;
			children = (
				19A1B1DE21F3B57A0090F760 /* Provider */,
				19A1B1E321F3B60F0090F760 /* Storage */,
			);
			path = Services;
			sourceTree = "<group>";
		};
		19A1B1BC21F384C80090F760 /* Repositories */ = {
			isa = PBXGroup;
			children = (
				19A1B1EE21F4CF580090F760 /* Accounts */,
				19E0B0B22208BF0500AF56D7 /* Categories */,
				19A1B1D921F3B4BC0090F760 /* Provider */,
			);
			path = Repositories;
			sourceTree = "<group>";
		};
		19A1B1BD21F384D70090F760 /* Common */ = {
			isa = PBXGroup;
			children = (
				1943B01321F67F050054119C /* Base */,
				19A1B1D821F3B48F0090F760 /* Protocols */,
			);
			path = Common;
			sourceTree = "<group>";
		};
		19A1B1BE21F384DC0090F760 /* Features */ = {
			isa = PBXGroup;
			children = (
				19A1B1C421F389200090F760 /* Accounts */,
				19A1B1C021F385FF0090F760 /* App */,
				1932F43D2207693B00B2502B /* Categories */,
				1940F4B621FB0C640063DB54 /* Keyboard */,
				1940F4B121FB02B70063DB54 /* Transaction */,
			);
			path = Features;
			sourceTree = "<group>";
		};
		19A1B1BF21F385E50090F760 /* Models */ = {
			isa = PBXGroup;
			children = (
				19A1B1C521F3894E0090F760 /* Account.swift */,
				1943B02F21F9EDD90054119C /* Category.swift */,
				1943B03321F9EE5D0054119C /* CategoryIcon.swift */,
				1943B03621F9F46E0054119C /* Transaction.swift */,
			);
			path = Models;
			sourceTree = "<group>";
		};
		19A1B1C021F385FF0090F760 /* App */ = {
			isa = PBXGroup;
			children = (
				19A1B1D421F3B1740090F760 /* AppAction.swift */,
				19A1B1C121F3860E0090F760 /* AppState.swift */,
				19A1B1CF21F398910090F760 /* AppFeature.swift */,
				19A1B1D121F3991D0090F760 /* AppReducer.swift */,
			);
			path = App;
			sourceTree = "<group>";
		};
		19A1B1C421F389200090F760 /* Accounts */ = {
			isa = PBXGroup;
			children = (
				19A1B1C921F389D60090F760 /* AccountsActions.swift */,
				1943B01E21F857FA0054119C /* AccountsCommands.swift */,
				19A1B1CD21F395F10090F760 /* AccountsFeature.swift */,
				19A1B1CB21F395B20090F760 /* AccountsReducer.swift */,
				19A1B1C721F3895C0090F760 /* AccountsState.swift */,
			);
			path = Accounts;
			sourceTree = "<group>";
		};
		19A1B1D321F3A8A30090F760 /* Components */ = {
			isa = PBXGroup;
			children = (
				1943B02921F9C4BE0054119C /* AccountSelector */,
				1943B02B21F9C4F30054119C /* Categories */,
				1943B02A21F9C4DA0054119C /* Keyboard */,
				1943B00421F66C370054119C /* MainScreen */,
			);
			path = Components;
			sourceTree = "<group>";
		};
		19A1B1D821F3B48F0090F760 /* Protocols */ = {
			isa = PBXGroup;
			children = (
				1943B01621F67FDB0054119C /* Component.swift */,
				1943B01121F67ED30054119C /* Connector.swift */,
				19A1B1D621F3B3080090F760 /* NibIdentifiable.swift */,
			);
			path = Protocols;
			sourceTree = "<group>";
		};
		19A1B1D921F3B4BC0090F760 /* Provider */ = {
			isa = PBXGroup;
			children = (
				19A1B1DA21F3B4D30090F760 /* RepositoryProvider.swift */,
				19A1B1DC21F3B4F70090F760 /* RepositoryProviderProtocol.swift */,
			);
			path = Provider;
			sourceTree = "<group>";
		};
		19A1B1DE21F3B57A0090F760 /* Provider */ = {
			isa = PBXGroup;
			children = (
				19A1B1DF21F3B5A90090F760 /* ServiceProvider.swift */,
				19A1B1E121F3B5E10090F760 /* ServiceProviderProtocol.swift */,
			);
			path = Provider;
			sourceTree = "<group>";
		};
		19A1B1E321F3B60F0090F760 /* Storage */ = {
			isa = PBXGroup;
			children = (
				19A1B1E721F3B6200090F760 /* StorageServiceError.swift */,
				19A1B1E621F3B6200090F760 /* StorageServiceKey.swift */,
				19A1B1E821F3B6200090F760 /* StorageServiceProtocol.swift */,
				19A1B1E421F3B61F0090F760 /* KeychainStorageService.swift */,
				19A1B1E521F3B6200090F760 /* UserPreferencesStorageService.swift */,
			);
			path = Storage;
			sourceTree = "<group>";
		};
		19A1B1EE21F4CF580090F760 /* Accounts */ = {
			isa = PBXGroup;
			children = (
				19A1B1F121F4CF8A0090F760 /* AccountsRepository.swift */,
				19A1B1EF21F4CF700090F760 /* AccountsRepositoryProtocol.swift */,
				19A1B1F321F4D8B90090F760 /* AccountsRepositoryError.swift */,
			);
			path = Accounts;
			sourceTree = "<group>";
		};
		19A1B1F521F4DBBB0090F760 /* Repositories */ = {
			isa = PBXGroup;
			children = (
				19A1B20521F4E1FF0090F760 /* Accounts */,
			);
			path = Repositories;
			sourceTree = "<group>";
		};
		19A1B1F821F4DC7D0090F760 /* Mocks */ = {
			isa = PBXGroup;
			children = (
				19A1B1F921F4DC870090F760 /* Services */,
			);
			path = Mocks;
			sourceTree = "<group>";
		};
		19A1B1F921F4DC870090F760 /* Services */ = {
			isa = PBXGroup;
			children = (
				19A1B1FB21F4DCA00090F760 /* Provider */,
				19A1B1FA21F4DC9A0090F760 /* Storage */,
			);
			path = Services;
			sourceTree = "<group>";
		};
		19A1B1FA21F4DC9A0090F760 /* Storage */ = {
			isa = PBXGroup;
			children = (
				19A1B1FE21F4DD230090F760 /* MockStorageService.swift */,
			);
			path = Storage;
			sourceTree = "<group>";
		};
		19A1B1FB21F4DCA00090F760 /* Provider */ = {
			isa = PBXGroup;
			children = (
				19A1B1FC21F4DCC30090F760 /* MockServiceProvider.swift */,
			);
			path = Provider;
			sourceTree = "<group>";
		};
		19A1B20521F4E1FF0090F760 /* Accounts */ = {
			isa = PBXGroup;
			children = (
				1973908221FF032000D892F4 /* AccountsRepository+LoadAccountsSpec.swift */,
				1973908521FF46C800D892F4 /* AccountsRepository+CreateAccountSpec.swift */,
				1973908721FF472B00D892F4 /* AccountsRepository+UpdateAccountSpec.swift */,
				1973908921FF4E7900D892F4 /* AccountsRepository+DeleteAccountSpec.swift */,
			);
			path = Accounts;
			sourceTree = "<group>";
		};
		19E0B0B22208BF0500AF56D7 /* Categories */ = {
			isa = PBXGroup;
			children = (
				19E0B0B32208BF1C00AF56D7 /* CategoriesRepository.swift */,
				19E0B0B52208BF2500AF56D7 /* CategoriesRepositoryProtocol.swift */,
				19E0B0B72208BF4500AF56D7 /* CategoriesRepositoryError.swift */,
			);
			path = Categories;
			sourceTree = "<group>";
		};
		19E0B0B92208C73800AF56D7 /* Views */ = {
			isa = PBXGroup;
			children = (
				19E0B0BA2208C75B00AF56D7 /* CategoryCell.swift */,
				19E0B0BC2208C76600AF56D7 /* CategoryCell.xib */,
			);
			path = Views;
			sourceTree = "<group>";
		};
		3A8E88AE0ED20D7B651327DE /* Frameworks */ = {
			isa = PBXGroup;
			children = (
				DCFE9A34AC7BEF732228E37F /* Pods_Groshy.framework */,
				E636AA3A772C8C69D136450B /* Pods_GroshyTests.framework */,
				9F91E71E98CF0F647F159C96 /* Pods_GroshyUITests.framework */,
			);
			name = Frameworks;
			sourceTree = "<group>";
		};
		8130D46B2FD21007E61FAD0D /* Pods */ = {
			isa = PBXGroup;
			children = (
				816DF7E53140969F2A2A7654 /* Pods-Groshy.debug.xcconfig */,
				FCA1848DAA4EEF223C660927 /* Pods-Groshy.release.xcconfig */,
				94E87EB12D3F19ED61B109DB /* Pods-GroshyTests.debug.xcconfig */,
				F954A2FD261D4B52D234C9EF /* Pods-GroshyTests.release.xcconfig */,
				884E6ED1DE1C85D9FA2C1A82 /* Pods-GroshyUITests.debug.xcconfig */,
				8C424832E1D666D694D8562B /* Pods-GroshyUITests.release.xcconfig */,
			);
			name = Pods;
			sourceTree = "<group>";
		};
/* End PBXGroup section */

/* Begin PBXNativeTarget section */
		19A1B18321F3837C0090F760 /* Groshy */ = {
			isa = PBXNativeTarget;
			buildConfigurationList = 19A1B1AC21F3837E0090F760 /* Build configuration list for PBXNativeTarget "Groshy" */;
			buildPhases = (
				58F0CFF8C605C7FF1CA80681 /* [CP] Check Pods Manifest.lock */,
				19A1B18021F3837C0090F760 /* Sources */,
				19A1B18121F3837C0090F760 /* Frameworks */,
				19A1B18221F3837C0090F760 /* Resources */,
				7EF9DEDAE7B8C8DB3B56F844 /* [CP] Embed Pods Frameworks */,
			);
			buildRules = (
			);
			dependencies = (
			);
			name = Groshy;
			productName = Groshy;
			productReference = 19A1B18421F3837C0090F760 /* Groshy.app */;
			productType = "com.apple.product-type.application";
		};
		19A1B19721F3837E0090F760 /* GroshyTests */ = {
			isa = PBXNativeTarget;
			buildConfigurationList = 19A1B1AF21F3837E0090F760 /* Build configuration list for PBXNativeTarget "GroshyTests" */;
			buildPhases = (
				89A20F0DC9C229BFCE333EBD /* [CP] Check Pods Manifest.lock */,
				19A1B19421F3837E0090F760 /* Sources */,
				19A1B19521F3837E0090F760 /* Frameworks */,
				19A1B19621F3837E0090F760 /* Resources */,
				5923C3558830F10F667546B0 /* [CP] Embed Pods Frameworks */,
			);
			buildRules = (
			);
			dependencies = (
				19A1B19A21F3837E0090F760 /* PBXTargetDependency */,
			);
			name = GroshyTests;
			productName = GroshyTests;
			productReference = 19A1B19821F3837E0090F760 /* GroshyTests.xctest */;
			productType = "com.apple.product-type.bundle.unit-test";
		};
		19A1B1A221F3837E0090F760 /* GroshyUITests */ = {
			isa = PBXNativeTarget;
			buildConfigurationList = 19A1B1B221F3837E0090F760 /* Build configuration list for PBXNativeTarget "GroshyUITests" */;
			buildPhases = (
				A0D7B5CA082A19913DB5228D /* [CP] Check Pods Manifest.lock */,
				19A1B19F21F3837E0090F760 /* Sources */,
				19A1B1A021F3837E0090F760 /* Frameworks */,
				19A1B1A121F3837E0090F760 /* Resources */,
			);
			buildRules = (
			);
			dependencies = (
				19A1B1A521F3837E0090F760 /* PBXTargetDependency */,
			);
			name = GroshyUITests;
			productName = GroshyUITests;
			productReference = 19A1B1A321F3837E0090F760 /* GroshyUITests.xctest */;
			productType = "com.apple.product-type.bundle.ui-testing";
		};
/* End PBXNativeTarget section */

/* Begin PBXProject section */
		19A1B17C21F3837C0090F760 /* Project object */ = {
			isa = PBXProject;
			attributes = {
				LastSwiftUpdateCheck = 1010;
				LastUpgradeCheck = 1010;
				ORGANIZATIONNAME = Groshy;
				TargetAttributes = {
					19A1B18321F3837C0090F760 = {
						CreatedOnToolsVersion = 10.1;
					};
					19A1B19721F3837E0090F760 = {
						CreatedOnToolsVersion = 10.1;
						TestTargetID = 19A1B18321F3837C0090F760;
					};
					19A1B1A221F3837E0090F760 = {
						CreatedOnToolsVersion = 10.1;
						TestTargetID = 19A1B18321F3837C0090F760;
					};
				};
			};
			buildConfigurationList = 19A1B17F21F3837C0090F760 /* Build configuration list for PBXProject "Groshy" */;
			compatibilityVersion = "Xcode 9.3";
			developmentRegion = en;
			hasScannedForEncodings = 0;
			knownRegions = (
				en,
				Base,
			);
			mainGroup = 19A1B17B21F3837C0090F760;
			productRefGroup = 19A1B18521F3837C0090F760 /* Products */;
			projectDirPath = "";
			projectRoot = "";
			targets = (
				19A1B18321F3837C0090F760 /* Groshy */,
				19A1B19721F3837E0090F760 /* GroshyTests */,
				19A1B1A221F3837E0090F760 /* GroshyUITests */,
			);
		};
/* End PBXProject section */

/* Begin PBXResourcesBuildPhase section */
		19A1B18221F3837C0090F760 /* Resources */ = {
			isa = PBXResourcesBuildPhase;
			buildActionMask = 2147483647;
			files = (
				1943B00C21F66D890054119C /* MainScreenComponent.xib in Resources */,
				1932F44B22077C0300B2502B /* CategoriesComponent.xib in Resources */,
				1973907521FCBC3400D892F4 /* Rubik-Bold.ttf in Resources */,
				1973907B21FCBC3400D892F4 /* Rubik-BlackItalic.ttf in Resources */,
				19A1B19221F3837E0090F760 /* LaunchScreen.storyboard in Resources */,
				19E0B0BD2208C76600AF56D7 /* CategoryCell.xib in Resources */,
				1973907A21FCBC3400D892F4 /* Rubik-LightItalic.ttf in Resources */,
				1973907D21FCBC3400D892F4 /* Rubik-BoldItalic.ttf in Resources */,
				1973907421FCBC3400D892F4 /* Rubik-MediumItalic.ttf in Resources */,
				1943B04321FA07930054119C /* KeyboardComponent.xib in Resources */,
				1973909121FF84F000D892F4 /* AccountSelectorComponent.xib in Resources */,
				1973907621FCBC3400D892F4 /* Rubik-Light.ttf in Resources */,
				1973907921FCBC3400D892F4 /* Rubik-Italic.ttf in Resources */,
				1973907821FCBC3400D892F4 /* Rubik-Black.ttf in Resources */,
				1973907C21FCBC3400D892F4 /* Rubik-Regular.ttf in Resources */,
				19A1B18F21F3837D0090F760 /* Assets.xcassets in Resources */,
				1973907721FCBC3400D892F4 /* Rubik-Medium.ttf in Resources */,
			);
			runOnlyForDeploymentPostprocessing = 0;
		};
		19A1B19621F3837E0090F760 /* Resources */ = {
			isa = PBXResourcesBuildPhase;
			buildActionMask = 2147483647;
			files = (
			);
			runOnlyForDeploymentPostprocessing = 0;
		};
		19A1B1A121F3837E0090F760 /* Resources */ = {
			isa = PBXResourcesBuildPhase;
			buildActionMask = 2147483647;
			files = (
			);
			runOnlyForDeploymentPostprocessing = 0;
		};
/* End PBXResourcesBuildPhase section */

/* Begin PBXShellScriptBuildPhase section */
		58F0CFF8C605C7FF1CA80681 /* [CP] Check Pods Manifest.lock */ = {
			isa = PBXShellScriptBuildPhase;
			buildActionMask = 2147483647;
			files = (
			);
			inputPaths = (
				"${PODS_PODFILE_DIR_PATH}/Podfile.lock",
				"${PODS_ROOT}/Manifest.lock",
			);
			name = "[CP] Check Pods Manifest.lock";
			outputPaths = (
				"$(DERIVED_FILE_DIR)/Pods-Groshy-checkManifestLockResult.txt",
			);
			runOnlyForDeploymentPostprocessing = 0;
			shellPath = /bin/sh;
			shellScript = "diff \"${PODS_PODFILE_DIR_PATH}/Podfile.lock\" \"${PODS_ROOT}/Manifest.lock\" > /dev/null\nif [ $? != 0 ] ; then\n    # print error to STDERR\n    echo \"error: The sandbox is not in sync with the Podfile.lock. Run 'pod install' or update your CocoaPods installation.\" >&2\n    exit 1\nfi\n# This output is used by Xcode 'outputs' to avoid re-running this script phase.\necho \"SUCCESS\" > \"${SCRIPT_OUTPUT_FILE_0}\"\n";
			showEnvVarsInLog = 0;
		};
		5923C3558830F10F667546B0 /* [CP] Embed Pods Frameworks */ = {
			isa = PBXShellScriptBuildPhase;
			buildActionMask = 2147483647;
			files = (
			);
			inputPaths = (
				"${SRCROOT}/Pods/Target Support Files/Pods-GroshyTests/Pods-GroshyTests-frameworks.sh",
				"${BUILT_PRODUCTS_DIR}/Nimble/Nimble.framework",
				"${BUILT_PRODUCTS_DIR}/Quick/Quick.framework",
			);
			name = "[CP] Embed Pods Frameworks";
			outputPaths = (
				"${TARGET_BUILD_DIR}/${FRAMEWORKS_FOLDER_PATH}/Nimble.framework",
				"${TARGET_BUILD_DIR}/${FRAMEWORKS_FOLDER_PATH}/Quick.framework",
			);
			runOnlyForDeploymentPostprocessing = 0;
			shellPath = /bin/sh;
			shellScript = "\"${SRCROOT}/Pods/Target Support Files/Pods-GroshyTests/Pods-GroshyTests-frameworks.sh\"\n";
			showEnvVarsInLog = 0;
		};
		7EF9DEDAE7B8C8DB3B56F844 /* [CP] Embed Pods Frameworks */ = {
			isa = PBXShellScriptBuildPhase;
			buildActionMask = 2147483647;
			files = (
			);
			inputPaths = (
				"${SRCROOT}/Pods/Target Support Files/Pods-Groshy/Pods-Groshy-frameworks.sh",
				"${BUILT_PRODUCTS_DIR}/Alamofire/Alamofire.framework",
				"${BUILT_PRODUCTS_DIR}/KeychainAccess/KeychainAccess.framework",
				"${BUILT_PRODUCTS_DIR}/Moya/Moya.framework",
				"${BUILT_PRODUCTS_DIR}/Result/Result.framework",
				"${BUILT_PRODUCTS_DIR}/SnapKit/SnapKit.framework",
				"${BUILT_PRODUCTS_DIR}/Unicore/Unicore.framework",
			);
			name = "[CP] Embed Pods Frameworks";
			outputPaths = (
				"${TARGET_BUILD_DIR}/${FRAMEWORKS_FOLDER_PATH}/Alamofire.framework",
				"${TARGET_BUILD_DIR}/${FRAMEWORKS_FOLDER_PATH}/KeychainAccess.framework",
				"${TARGET_BUILD_DIR}/${FRAMEWORKS_FOLDER_PATH}/Moya.framework",
				"${TARGET_BUILD_DIR}/${FRAMEWORKS_FOLDER_PATH}/Result.framework",
				"${TARGET_BUILD_DIR}/${FRAMEWORKS_FOLDER_PATH}/SnapKit.framework",
				"${TARGET_BUILD_DIR}/${FRAMEWORKS_FOLDER_PATH}/Unicore.framework",
			);
			runOnlyForDeploymentPostprocessing = 0;
			shellPath = /bin/sh;
			shellScript = "\"${SRCROOT}/Pods/Target Support Files/Pods-Groshy/Pods-Groshy-frameworks.sh\"\n";
			showEnvVarsInLog = 0;
		};
		89A20F0DC9C229BFCE333EBD /* [CP] Check Pods Manifest.lock */ = {
			isa = PBXShellScriptBuildPhase;
			buildActionMask = 2147483647;
			files = (
			);
			inputPaths = (
				"${PODS_PODFILE_DIR_PATH}/Podfile.lock",
				"${PODS_ROOT}/Manifest.lock",
			);
			name = "[CP] Check Pods Manifest.lock";
			outputPaths = (
				"$(DERIVED_FILE_DIR)/Pods-GroshyTests-checkManifestLockResult.txt",
			);
			runOnlyForDeploymentPostprocessing = 0;
			shellPath = /bin/sh;
			shellScript = "diff \"${PODS_PODFILE_DIR_PATH}/Podfile.lock\" \"${PODS_ROOT}/Manifest.lock\" > /dev/null\nif [ $? != 0 ] ; then\n    # print error to STDERR\n    echo \"error: The sandbox is not in sync with the Podfile.lock. Run 'pod install' or update your CocoaPods installation.\" >&2\n    exit 1\nfi\n# This output is used by Xcode 'outputs' to avoid re-running this script phase.\necho \"SUCCESS\" > \"${SCRIPT_OUTPUT_FILE_0}\"\n";
			showEnvVarsInLog = 0;
		};
		A0D7B5CA082A19913DB5228D /* [CP] Check Pods Manifest.lock */ = {
			isa = PBXShellScriptBuildPhase;
			buildActionMask = 2147483647;
			files = (
			);
			inputPaths = (
				"${PODS_PODFILE_DIR_PATH}/Podfile.lock",
				"${PODS_ROOT}/Manifest.lock",
			);
			name = "[CP] Check Pods Manifest.lock";
			outputPaths = (
				"$(DERIVED_FILE_DIR)/Pods-GroshyUITests-checkManifestLockResult.txt",
			);
			runOnlyForDeploymentPostprocessing = 0;
			shellPath = /bin/sh;
			shellScript = "diff \"${PODS_PODFILE_DIR_PATH}/Podfile.lock\" \"${PODS_ROOT}/Manifest.lock\" > /dev/null\nif [ $? != 0 ] ; then\n    # print error to STDERR\n    echo \"error: The sandbox is not in sync with the Podfile.lock. Run 'pod install' or update your CocoaPods installation.\" >&2\n    exit 1\nfi\n# This output is used by Xcode 'outputs' to avoid re-running this script phase.\necho \"SUCCESS\" > \"${SCRIPT_OUTPUT_FILE_0}\"\n";
			showEnvVarsInLog = 0;
		};
/* End PBXShellScriptBuildPhase section */

/* Begin PBXSourcesBuildPhase section */
		19A1B18021F3837C0090F760 /* Sources */ = {
			isa = PBXSourcesBuildPhase;
			buildActionMask = 2147483647;
			files = (
				19A1B1D021F398910090F760 /* AppFeature.swift in Sources */,
				1932F44922077BFA00B2502B /* CategoriesComponent.swift in Sources */,
				1932F4412207696500B2502B /* CategoriesActions.swift in Sources */,
				19A1B1DB21F3B4D30090F760 /* RepositoryProvider.swift in Sources */,
				1940F4BC21FB0E4D0063DB54 /* KeyboardActions.swift in Sources */,
				19A1B1F421F4D8B90090F760 /* AccountsRepositoryError.swift in Sources */,
				1943B01221F67ED30054119C /* Connector.swift in Sources */,
				19A1B1C221F3860E0090F760 /* AppState.swift in Sources */,
				1940F4BA21FB0CB60063DB54 /* KeyboardState.swift in Sources */,
				1943B04121FA07890054119C /* KeyboardComponent.swift in Sources */,
				1940F4C521FC8AB50063DB54 /* UIColor+RGB.swift in Sources */,
				1943B03F21FA077D0054119C /* KeyboardConnector.swift in Sources */,
				1973909721FF851400D892F4 /* AccountSelectorScene.swift in Sources */,
				19A1B1ED21F3B6200090F760 /* StorageServiceProtocol.swift in Sources */,
				1943B01F21F857FA0054119C /* AccountsCommands.swift in Sources */,
				19A1B1F221F4CF8A0090F760 /* AccountsRepository.swift in Sources */,
				1940F4B821FB0C9D0063DB54 /* KeyboardFeature.swift in Sources */,
				1943B01521F67F100054119C /* BaseConnector.swift in Sources */,
				19A1B1EA21F3B6200090F760 /* UserPreferencesStorageService.swift in Sources */,
				1943B01B21F68D9C0054119C /* Scene.swift in Sources */,
				19E0B0B62208BF2500AF56D7 /* CategoriesRepositoryProtocol.swift in Sources */,
				19A1B1EB21F3B6200090F760 /* StorageServiceKey.swift in Sources */,
				1932F4452207697E00B2502B /* CategoriesReducer.swift in Sources */,
				19A1B1D521F3B1740090F760 /* AppAction.swift in Sources */,
				1943B01021F66FDC0054119C /* MainScreenScene.swift in Sources */,
				19A1B1C821F3895C0090F760 /* AccountsState.swift in Sources */,
				19A1B1C621F3894E0090F760 /* Account.swift in Sources */,
				1973907F21FCBC7E00D892F4 /* Fonts.swift in Sources */,
				1932F44D22077C0F00B2502B /* CategoriesConnector.swift in Sources */,
				1943B00621F66D3C0054119C /* MainScreenConnector.swift in Sources */,
				19A1B1E221F3B5E10090F760 /* ServiceProviderProtocol.swift in Sources */,
				19E0B0BB2208C75B00AF56D7 /* CategoryCell.swift in Sources */,
				19A1B1E021F3B5A90090F760 /* ServiceProvider.swift in Sources */,
				19A1B1D221F3991D0090F760 /* AppReducer.swift in Sources */,
				1943B03921FA075F0054119C /* KeyboardScene.swift in Sources */,
				1932F4432207697000B2502B /* CategoriesCommands.swift in Sources */,
				1932F4472207698700B2502B /* CategoriesState.swift in Sources */,
				1973908121FDEC7E00D892F4 /* Images.swift in Sources */,
				1943B03121F9EDE20054119C /* Category.swift in Sources */,
				19A1B1F021F4CF700090F760 /* AccountsRepositoryProtocol.swift in Sources */,
				1973909321FF850100D892F4 /* AccountSelectorConnector.swift in Sources */,
				1943B03521F9EED50054119C /* CategoryIcon.swift in Sources */,
				1932F44F22077C1600B2502B /* CategoriesProps.swift in Sources */,
				1940F4B521FB04290063DB54 /* TransactionState.swift in Sources */,
				19A1B1CE21F395F10090F760 /* AccountsFeature.swift in Sources */,
				1932F43F2207695A00B2502B /* CategoriesFeature.swift in Sources */,
				1932F45122077C1F00B2502B /* CategoriesScene.swift in Sources */,
				19E0B0B82208BF4500AF56D7 /* CategoriesRepositoryError.swift in Sources */,
				19A1B18821F3837C0090F760 /* AppDelegate.swift in Sources */,
				19A1B1D721F3B3080090F760 /* NibIdentifiable.swift in Sources */,
				19A1B1E921F3B6200090F760 /* KeychainStorageService.swift in Sources */,
				1940F4C221FC890A0063DB54 /* Colors.swift in Sources */,
				1943B03721F9F46E0054119C /* Transaction.swift in Sources */,
				19A1B1EC21F3B6200090F760 /* StorageServiceError.swift in Sources */,
				1940F4BE21FB0E5C0063DB54 /* KeyboardCommands.swift in Sources */,
				19A1B1CC21F395B20090F760 /* AccountsReducer.swift in Sources */,
				1943B00821F66D4C0054119C /* MainScreenProps.swift in Sources */,
				19A1B1DD21F3B4F70090F760 /* RepositoryProviderProtocol.swift in Sources */,
				1943B01721F67FDB0054119C /* Component.swift in Sources */,
				1940F4C021FB1D8E0063DB54 /* KeyboardReducer.swift in Sources */,
				1973908F21FF84E400D892F4 /* AccountSelectorComponent.swift in Sources */,
				19A1B1CA21F389D60090F760 /* AccountsActions.swift in Sources */,
				19E0B0B42208BF1C00AF56D7 /* CategoriesRepository.swift in Sources */,
				1940F4B321FB03F50063DB54 /* TransactionFeature.swift in Sources */,
				1943B03D21FA07750054119C /* KeyboardProps.swift in Sources */,
				1943B00A21F66D630054119C /* MainScreenComponent.swift in Sources */,
				1973909521FF850B00D892F4 /* AccountSelectorProps.swift in Sources */,
			);
			runOnlyForDeploymentPostprocessing = 0;
		};
		19A1B19421F3837E0090F760 /* Sources */ = {
			isa = PBXSourcesBuildPhase;
			buildActionMask = 2147483647;
			files = (
				19A1B1FD21F4DCC30090F760 /* MockServiceProvider.swift in Sources */,
				1973908421FF033800D892F4 /* AccountsRepository+LoadAccountsSpec.swift in Sources */,
				1973908D21FF7C1A00D892F4 /* AccountsFeature_ReducerSpec.swift in Sources */,
				1973908A21FF4E7900D892F4 /* AccountsRepository+DeleteAccountSpec.swift in Sources */,
				1973908621FF46C800D892F4 /* AccountsRepository+CreateAccountSpec.swift in Sources */,
				19A1B1FF21F4DD230090F760 /* MockStorageService.swift in Sources */,
				1973908821FF472B00D892F4 /* AccountsRepository+UpdateAccountSpec.swift in Sources */,
			);
			runOnlyForDeploymentPostprocessing = 0;
		};
		19A1B19F21F3837E0090F760 /* Sources */ = {
			isa = PBXSourcesBuildPhase;
			buildActionMask = 2147483647;
			files = (
				19A1B1A821F3837E0090F760 /* GroshyUITests.swift in Sources */,
			);
			runOnlyForDeploymentPostprocessing = 0;
		};
/* End PBXSourcesBuildPhase section */

/* Begin PBXTargetDependency section */
		19A1B19A21F3837E0090F760 /* PBXTargetDependency */ = {
			isa = PBXTargetDependency;
			target = 19A1B18321F3837C0090F760 /* Groshy */;
			targetProxy = 19A1B19921F3837E0090F760 /* PBXContainerItemProxy */;
		};
		19A1B1A521F3837E0090F760 /* PBXTargetDependency */ = {
			isa = PBXTargetDependency;
			target = 19A1B18321F3837C0090F760 /* Groshy */;
			targetProxy = 19A1B1A421F3837E0090F760 /* PBXContainerItemProxy */;
		};
/* End PBXTargetDependency section */

/* Begin PBXVariantGroup section */
		19A1B19021F3837E0090F760 /* LaunchScreen.storyboard */ = {
			isa = PBXVariantGroup;
			children = (
				19A1B19121F3837E0090F760 /* Base */,
			);
			name = LaunchScreen.storyboard;
			sourceTree = "<group>";
		};
/* End PBXVariantGroup section */

/* Begin XCBuildConfiguration section */
		19A1B1AA21F3837E0090F760 /* Debug */ = {
			isa = XCBuildConfiguration;
			buildSettings = {
				ALWAYS_SEARCH_USER_PATHS = NO;
				CLANG_ANALYZER_NONNULL = YES;
				CLANG_ANALYZER_NUMBER_OBJECT_CONVERSION = YES_AGGRESSIVE;
				CLANG_CXX_LANGUAGE_STANDARD = "gnu++14";
				CLANG_CXX_LIBRARY = "libc++";
				CLANG_ENABLE_MODULES = YES;
				CLANG_ENABLE_OBJC_ARC = YES;
				CLANG_ENABLE_OBJC_WEAK = YES;
				CLANG_WARN_BLOCK_CAPTURE_AUTORELEASING = YES;
				CLANG_WARN_BOOL_CONVERSION = YES;
				CLANG_WARN_COMMA = YES;
				CLANG_WARN_CONSTANT_CONVERSION = YES;
				CLANG_WARN_DEPRECATED_OBJC_IMPLEMENTATIONS = YES;
				CLANG_WARN_DIRECT_OBJC_ISA_USAGE = YES_ERROR;
				CLANG_WARN_DOCUMENTATION_COMMENTS = YES;
				CLANG_WARN_EMPTY_BODY = YES;
				CLANG_WARN_ENUM_CONVERSION = YES;
				CLANG_WARN_INFINITE_RECURSION = YES;
				CLANG_WARN_INT_CONVERSION = YES;
				CLANG_WARN_NON_LITERAL_NULL_CONVERSION = YES;
				CLANG_WARN_OBJC_IMPLICIT_RETAIN_SELF = YES;
				CLANG_WARN_OBJC_LITERAL_CONVERSION = YES;
				CLANG_WARN_OBJC_ROOT_CLASS = YES_ERROR;
				CLANG_WARN_RANGE_LOOP_ANALYSIS = YES;
				CLANG_WARN_STRICT_PROTOTYPES = YES;
				CLANG_WARN_SUSPICIOUS_MOVE = YES;
				CLANG_WARN_UNGUARDED_AVAILABILITY = YES_AGGRESSIVE;
				CLANG_WARN_UNREACHABLE_CODE = YES;
				CLANG_WARN__DUPLICATE_METHOD_MATCH = YES;
				CODE_SIGN_IDENTITY = "iPhone Developer";
				COPY_PHASE_STRIP = NO;
				DEBUG_INFORMATION_FORMAT = dwarf;
				ENABLE_STRICT_OBJC_MSGSEND = YES;
				ENABLE_TESTABILITY = YES;
				GCC_C_LANGUAGE_STANDARD = gnu11;
				GCC_DYNAMIC_NO_PIC = NO;
				GCC_NO_COMMON_BLOCKS = YES;
				GCC_OPTIMIZATION_LEVEL = 0;
				GCC_PREPROCESSOR_DEFINITIONS = (
					"DEBUG=1",
					"$(inherited)",
				);
				GCC_WARN_64_TO_32_BIT_CONVERSION = YES;
				GCC_WARN_ABOUT_RETURN_TYPE = YES_ERROR;
				GCC_WARN_UNDECLARED_SELECTOR = YES;
				GCC_WARN_UNINITIALIZED_AUTOS = YES_AGGRESSIVE;
				GCC_WARN_UNUSED_FUNCTION = YES;
				GCC_WARN_UNUSED_VARIABLE = YES;
				IPHONEOS_DEPLOYMENT_TARGET = 12.1;
				MTL_ENABLE_DEBUG_INFO = INCLUDE_SOURCE;
				MTL_FAST_MATH = YES;
				ONLY_ACTIVE_ARCH = YES;
				SDKROOT = iphoneos;
				SWIFT_ACTIVE_COMPILATION_CONDITIONS = DEBUG;
				SWIFT_OPTIMIZATION_LEVEL = "-Onone";
			};
			name = Debug;
		};
		19A1B1AB21F3837E0090F760 /* Release */ = {
			isa = XCBuildConfiguration;
			buildSettings = {
				ALWAYS_SEARCH_USER_PATHS = NO;
				CLANG_ANALYZER_NONNULL = YES;
				CLANG_ANALYZER_NUMBER_OBJECT_CONVERSION = YES_AGGRESSIVE;
				CLANG_CXX_LANGUAGE_STANDARD = "gnu++14";
				CLANG_CXX_LIBRARY = "libc++";
				CLANG_ENABLE_MODULES = YES;
				CLANG_ENABLE_OBJC_ARC = YES;
				CLANG_ENABLE_OBJC_WEAK = YES;
				CLANG_WARN_BLOCK_CAPTURE_AUTORELEASING = YES;
				CLANG_WARN_BOOL_CONVERSION = YES;
				CLANG_WARN_COMMA = YES;
				CLANG_WARN_CONSTANT_CONVERSION = YES;
				CLANG_WARN_DEPRECATED_OBJC_IMPLEMENTATIONS = YES;
				CLANG_WARN_DIRECT_OBJC_ISA_USAGE = YES_ERROR;
				CLANG_WARN_DOCUMENTATION_COMMENTS = YES;
				CLANG_WARN_EMPTY_BODY = YES;
				CLANG_WARN_ENUM_CONVERSION = YES;
				CLANG_WARN_INFINITE_RECURSION = YES;
				CLANG_WARN_INT_CONVERSION = YES;
				CLANG_WARN_NON_LITERAL_NULL_CONVERSION = YES;
				CLANG_WARN_OBJC_IMPLICIT_RETAIN_SELF = YES;
				CLANG_WARN_OBJC_LITERAL_CONVERSION = YES;
				CLANG_WARN_OBJC_ROOT_CLASS = YES_ERROR;
				CLANG_WARN_RANGE_LOOP_ANALYSIS = YES;
				CLANG_WARN_STRICT_PROTOTYPES = YES;
				CLANG_WARN_SUSPICIOUS_MOVE = YES;
				CLANG_WARN_UNGUARDED_AVAILABILITY = YES_AGGRESSIVE;
				CLANG_WARN_UNREACHABLE_CODE = YES;
				CLANG_WARN__DUPLICATE_METHOD_MATCH = YES;
				CODE_SIGN_IDENTITY = "iPhone Developer";
				COPY_PHASE_STRIP = NO;
				DEBUG_INFORMATION_FORMAT = "dwarf-with-dsym";
				ENABLE_NS_ASSERTIONS = NO;
				ENABLE_STRICT_OBJC_MSGSEND = YES;
				GCC_C_LANGUAGE_STANDARD = gnu11;
				GCC_NO_COMMON_BLOCKS = YES;
				GCC_WARN_64_TO_32_BIT_CONVERSION = YES;
				GCC_WARN_ABOUT_RETURN_TYPE = YES_ERROR;
				GCC_WARN_UNDECLARED_SELECTOR = YES;
				GCC_WARN_UNINITIALIZED_AUTOS = YES_AGGRESSIVE;
				GCC_WARN_UNUSED_FUNCTION = YES;
				GCC_WARN_UNUSED_VARIABLE = YES;
				IPHONEOS_DEPLOYMENT_TARGET = 12.1;
				MTL_ENABLE_DEBUG_INFO = NO;
				MTL_FAST_MATH = YES;
				SDKROOT = iphoneos;
				SWIFT_COMPILATION_MODE = wholemodule;
				SWIFT_OPTIMIZATION_LEVEL = "-O";
				VALIDATE_PRODUCT = YES;
			};
			name = Release;
		};
		19A1B1AD21F3837E0090F760 /* Debug */ = {
			isa = XCBuildConfiguration;
			baseConfigurationReference = 816DF7E53140969F2A2A7654 /* Pods-Groshy.debug.xcconfig */;
			buildSettings = {
				ASSETCATALOG_COMPILER_APPICON_NAME = AppIcon;
				CODE_SIGN_STYLE = Automatic;
				DEVELOPMENT_TEAM = EP4DBFYCG5;
				INFOPLIST_FILE = "$(SRCROOT)/Sources/App/Info.plist";
				IPHONEOS_DEPLOYMENT_TARGET = 10.0;
				LD_RUNPATH_SEARCH_PATHS = (
					"$(inherited)",
					"@executable_path/Frameworks",
				);
				PRODUCT_BUNDLE_IDENTIFIER = Groshy.app.Groshy;
				PRODUCT_NAME = "$(TARGET_NAME)";
				SWIFT_VERSION = 4.2;
				TARGETED_DEVICE_FAMILY = 1;
			};
			name = Debug;
		};
		19A1B1AE21F3837E0090F760 /* Release */ = {
			isa = XCBuildConfiguration;
			baseConfigurationReference = FCA1848DAA4EEF223C660927 /* Pods-Groshy.release.xcconfig */;
			buildSettings = {
				ASSETCATALOG_COMPILER_APPICON_NAME = AppIcon;
				CODE_SIGN_STYLE = Automatic;
				DEVELOPMENT_TEAM = EP4DBFYCG5;
				INFOPLIST_FILE = "$(SRCROOT)/Sources/App/Info.plist";
				IPHONEOS_DEPLOYMENT_TARGET = 10.0;
				LD_RUNPATH_SEARCH_PATHS = (
					"$(inherited)",
					"@executable_path/Frameworks",
				);
				PRODUCT_BUNDLE_IDENTIFIER = Groshy.app.Groshy;
				PRODUCT_NAME = "$(TARGET_NAME)";
				SWIFT_VERSION = 4.2;
				TARGETED_DEVICE_FAMILY = 1;
			};
			name = Release;
		};
		19A1B1B021F3837E0090F760 /* Debug */ = {
			isa = XCBuildConfiguration;
			baseConfigurationReference = 94E87EB12D3F19ED61B109DB /* Pods-GroshyTests.debug.xcconfig */;
			buildSettings = {
				ALWAYS_EMBED_SWIFT_STANDARD_LIBRARIES = "$(inherited)";
				BUNDLE_LOADER = "$(TEST_HOST)";
				CODE_SIGN_STYLE = Automatic;
				INFOPLIST_FILE = "Tests/Unit Tests/Info.plist";
				LD_RUNPATH_SEARCH_PATHS = (
					"$(inherited)",
					"@executable_path/Frameworks",
					"@loader_path/Frameworks",
				);
				PRODUCT_BUNDLE_IDENTIFIER = Groshy.app.GroshyTests;
				PRODUCT_NAME = "$(TARGET_NAME)";
				SWIFT_VERSION = 4.2;
				TARGETED_DEVICE_FAMILY = "1,2";
				TEST_HOST = "$(BUILT_PRODUCTS_DIR)/Groshy.app/Groshy";
			};
			name = Debug;
		};
		19A1B1B121F3837E0090F760 /* Release */ = {
			isa = XCBuildConfiguration;
			baseConfigurationReference = F954A2FD261D4B52D234C9EF /* Pods-GroshyTests.release.xcconfig */;
			buildSettings = {
				ALWAYS_EMBED_SWIFT_STANDARD_LIBRARIES = "$(inherited)";
				BUNDLE_LOADER = "$(TEST_HOST)";
				CODE_SIGN_STYLE = Automatic;
				INFOPLIST_FILE = "Tests/Unit Tests/Info.plist";
				LD_RUNPATH_SEARCH_PATHS = (
					"$(inherited)",
					"@executable_path/Frameworks",
					"@loader_path/Frameworks",
				);
				PRODUCT_BUNDLE_IDENTIFIER = Groshy.app.GroshyTests;
				PRODUCT_NAME = "$(TARGET_NAME)";
				SWIFT_VERSION = 4.2;
				TARGETED_DEVICE_FAMILY = "1,2";
				TEST_HOST = "$(BUILT_PRODUCTS_DIR)/Groshy.app/Groshy";
			};
			name = Release;
		};
		19A1B1B321F3837E0090F760 /* Debug */ = {
			isa = XCBuildConfiguration;
			baseConfigurationReference = 884E6ED1DE1C85D9FA2C1A82 /* Pods-GroshyUITests.debug.xcconfig */;
			buildSettings = {
				ALWAYS_EMBED_SWIFT_STANDARD_LIBRARIES = YES;
				CODE_SIGN_STYLE = Automatic;
				INFOPLIST_FILE = "Tests/UI Tests/Info.plist";
				LD_RUNPATH_SEARCH_PATHS = (
					"$(inherited)",
					"@executable_path/Frameworks",
					"@loader_path/Frameworks",
				);
				PRODUCT_BUNDLE_IDENTIFIER = Groshy.app.GroshyUITests;
				PRODUCT_NAME = "$(TARGET_NAME)";
				SWIFT_VERSION = 4.2;
				TARGETED_DEVICE_FAMILY = "1,2";
				TEST_TARGET_NAME = Groshy;
			};
			name = Debug;
		};
		19A1B1B421F3837E0090F760 /* Release */ = {
			isa = XCBuildConfiguration;
			baseConfigurationReference = 8C424832E1D666D694D8562B /* Pods-GroshyUITests.release.xcconfig */;
			buildSettings = {
				ALWAYS_EMBED_SWIFT_STANDARD_LIBRARIES = YES;
				CODE_SIGN_STYLE = Automatic;
				INFOPLIST_FILE = "Tests/UI Tests/Info.plist";
				LD_RUNPATH_SEARCH_PATHS = (
					"$(inherited)",
					"@executable_path/Frameworks",
					"@loader_path/Frameworks",
				);
				PRODUCT_BUNDLE_IDENTIFIER = Groshy.app.GroshyUITests;
				PRODUCT_NAME = "$(TARGET_NAME)";
				SWIFT_VERSION = 4.2;
				TARGETED_DEVICE_FAMILY = "1,2";
				TEST_TARGET_NAME = Groshy;
			};
			name = Release;
		};
/* End XCBuildConfiguration section */

/* Begin XCConfigurationList section */
		19A1B17F21F3837C0090F760 /* Build configuration list for PBXProject "Groshy" */ = {
			isa = XCConfigurationList;
			buildConfigurations = (
				19A1B1AA21F3837E0090F760 /* Debug */,
				19A1B1AB21F3837E0090F760 /* Release */,
			);
			defaultConfigurationIsVisible = 0;
			defaultConfigurationName = Release;
		};
		19A1B1AC21F3837E0090F760 /* Build configuration list for PBXNativeTarget "Groshy" */ = {
			isa = XCConfigurationList;
			buildConfigurations = (
				19A1B1AD21F3837E0090F760 /* Debug */,
				19A1B1AE21F3837E0090F760 /* Release */,
			);
			defaultConfigurationIsVisible = 0;
			defaultConfigurationName = Release;
		};
		19A1B1AF21F3837E0090F760 /* Build configuration list for PBXNativeTarget "GroshyTests" */ = {
			isa = XCConfigurationList;
			buildConfigurations = (
				19A1B1B021F3837E0090F760 /* Debug */,
				19A1B1B121F3837E0090F760 /* Release */,
			);
			defaultConfigurationIsVisible = 0;
			defaultConfigurationName = Release;
		};
		19A1B1B221F3837E0090F760 /* Build configuration list for PBXNativeTarget "GroshyUITests" */ = {
			isa = XCConfigurationList;
			buildConfigurations = (
				19A1B1B321F3837E0090F760 /* Debug */,
				19A1B1B421F3837E0090F760 /* Release */,
			);
			defaultConfigurationIsVisible = 0;
			defaultConfigurationName = Release;
		};
/* End XCConfigurationList section */
	};
	rootObject = 19A1B17C21F3837C0090F760 /* Project object */;
}
